# @generated - this file is auto-generated by `mise lock` https://mise.en.dev/dev-tools/mise-lock.html

[conda-packages.windows-x64."ucrt-10.0.26100.0-h57928b3_0"]
url = "https://conda.anaconda.org/conda-forge/win-64/ucrt-10.0.26100.0-h57928b3_0.conda"
checksum = "sha256:3005729dce6f3d3f5ec91dfc49fc75a0095f9cd23bab49efb899657297ac91a5"

[conda-packages.windows-x64."vc-14.5-h1b7c187_39"]
url = "https://conda.anaconda.org/conda-forge/win-64/vc-14.5-h1b7c187_39.conda"
checksum = "sha256:17693b60cb54f80c60275f003f3bfc1b128af56dbfd65c4fae37c64eeb755ce1"

[conda-packages.windows-x64."vc14_runtime-14.51.36231-h1b9f54f_39"]
url = "https://conda.anaconda.org/conda-forge/win-64/vc14_runtime-14.51.36231-h1b9f54f_39.conda"
checksum = "sha256:8153ed849c92e891eacac0f2f8d7ecb79f9b5fd7f7917fbb896f252a60a40390"

[conda-packages.windows-x64."vcomp14-14.51.36231-h1b9f54f_39"]
url = "https://conda.anaconda.org/conda-forge/win-64/vcomp14-14.51.36231-h1b9f54f_39.conda"
checksum = "sha256:07fb14713c4bc62e2533a2e23a363abfb0e65650681fba0ae4c840e2219350f3"

[[tools."aqua:BurntSushi/ripgrep"]]
version = "15.2.0"
backend = "aqua:BurntSushi/ripgrep"

[tools."aqua:BurntSushi/ripgrep"."platforms.linux-arm64"]
checksum = "sha256:a740b91c82eaf9914cfedd353572f2791cbe0162c84101ee0951058f4dcbc90d"
url = "https://github.com/BurntSushi/ripgrep/releases/download/15.2.0/ripgrep-15.2.0-aarch64-unknown-linux-gnu.tar.gz"
url_api = "https://api.github.com/repos/BurntSushi/ripgrep/releases/assets/478119579"

[tools."aqua:BurntSushi/ripgrep"."platforms.linux-arm64-musl"]
checksum = "sha256:800b1e7206afe799dfb5a6901f23147cfaabe0e52210538100f61e86e1740915"
url = "https://github.com/BurntSushi/ripgrep/releases/download/15.2.0/ripgrep-15.2.0-aarch64-unknown-linux-musl.tar.gz"
url_api = "https://api.github.com/repos/BurntSushi/ripgrep/releases/assets/478120060"

[tools."aqua:BurntSushi/ripgrep"."platforms.linux-x64"]
checksum = "sha256:33e15bcf1624b25cdd2a55813a47a2f95dbe126268203e76aa6a585d1e7b149c"
url = "https://github.com/BurntSushi/ripgrep/releases/download/15.2.0/ripgrep-15.2.0-x86_64-unknown-linux-musl.tar.gz"
url_api = "https://api.github.com/repos/BurntSushi/ripgrep/releases/assets/478120097"

[tools."aqua:BurntSushi/ripgrep"."platforms.linux-x64-musl"]
checksum = "sha256:33e15bcf1624b25cdd2a55813a47a2f95dbe126268203e76aa6a585d1e7b149c"
url = "https://github.com/BurntSushi/ripgrep/releases/download/15.2.0/ripgrep-15.2.0-x86_64-unknown-linux-musl.tar.gz"
url_api = "https://api.github.com/repos/BurntSushi/ripgrep/releases/assets/478120097"

[tools."aqua:BurntSushi/ripgrep"."platforms.macos-arm64"]
checksum = "sha256:3750b2e93f37e0c692657da574d7019a101c0084da05a790c83fd335bad973e4"
url = "https://github.com/BurntSushi/ripgrep/releases/download/15.2.0/ripgrep-15.2.0-aarch64-apple-darwin.tar.gz"
url_api = "https://api.github.com/repos/BurntSushi/ripgrep/releases/assets/478118851"

[tools."aqua:BurntSushi/ripgrep"."platforms.macos-x64"]
checksum = "sha256:af7825fcc69a2afc7a7aea55fc9af90e26421d8f20fe59df32e233c0b8a231c1"
url = "https://github.com/BurntSushi/ripgrep/releases/download/15.2.0/ripgrep-15.2.0-x86_64-apple-darwin.tar.gz"
url_api = "https://api.github.com/repos/BurntSushi/ripgrep/releases/assets/478119585"

[tools."aqua:BurntSushi/ripgrep"."platforms.windows-x64"]
checksum = "sha256:71b2fef860abe467217a538ff31de02f5258807c0129f771846f87bd029aafc5"
url = "https://github.com/BurntSushi/ripgrep/releases/download/15.2.0/ripgrep-15.2.0-x86_64-pc-windows-msvc.zip"
url_api = "https://api.github.com/repos/BurntSushi/ripgrep/releases/assets/478119643"

[[tools."aqua:eza-community/eza"]]
version = "0.23.5"
backend = "aqua:eza-community/eza"

[tools."aqua:eza-community/eza"."platforms.linux-arm64"]
checksum = "sha256:40b87ae8628aa2ff0f0d2dc24ab52f689631366385c3da630bae745671fd71ec"
url = "https://github.com/eza-community/eza/releases/download/v0.23.5/eza_aarch64-unknown-linux-gnu.tar.gz"
url_api = "https://api.github.com/repos/eza-community/eza/releases/assets/471228867"

[tools."aqua:eza-community/eza"."platforms.linux-x64"]
checksum = "sha256:e06eebab74b73d6b7d51a796a353824b001bea82df077706382e100815d28904"
url = "https://github.com/eza-community/eza/releases/download/v0.23.5/eza_x86_64-unknown-linux-musl.tar.gz"
url_api = "https://api.github.com/repos/eza-community/eza/releases/assets/471228890"

[tools."aqua:eza-community/eza"."platforms.linux-x64-musl"]
checksum = "sha256:e06eebab74b73d6b7d51a796a353824b001bea82df077706382e100815d28904"
url = "https://github.com/eza-community/eza/releases/download/v0.23.5/eza_x86_64-unknown-linux-musl.tar.gz"
url_api = "https://api.github.com/repos/eza-community/eza/releases/assets/471228890"

[tools."aqua:eza-community/eza"."platforms.windows-x64"]
checksum = "sha256:bbef561f5cfc8e778649b65e69c9c6e4c836c0fbe83ee3d0a5128091d797ed8a"
url = "https://github.com/eza-community/eza/releases/download/v0.23.5/eza.exe_x86_64-pc-windows-gnu.tar.gz"
url_api = "https://api.github.com/repos/eza-community/eza/releases/assets/471228877"

[[tools."aqua:reemus-dev/gitnr"]]
version = "0.3.0"
backend = "aqua:reemus-dev/gitnr"

[tools."aqua:reemus-dev/gitnr"."platforms.linux-x64"]
checksum = "sha256:1b7a532e725dc15ee44c53aaca1f07b490a7cd76a110c2e89afe4a71bf9f2e23"
url = "https://github.com/reemus-dev/gitnr/releases/download/v0.3.0/gitnr-linux-amd64"
url_api = "https://api.github.com/repos/reemus-dev/gitnr/releases/assets/389610493"

[tools."aqua:reemus-dev/gitnr"."platforms.linux-x64-musl"]
checksum = "sha256:1b7a532e725dc15ee44c53aaca1f07b490a7cd76a110c2e89afe4a71bf9f2e23"
url = "https://github.com/reemus-dev/gitnr/releases/download/v0.3.0/gitnr-linux-amd64"
url_api = "https://api.github.com/repos/reemus-dev/gitnr/releases/assets/389610493"

[tools."aqua:reemus-dev/gitnr"."platforms.macos-arm64"]
checksum = "sha256:f5dfa66592131a3e1e73dd94b1d9d741d222c54fa9acbb6cf116a08c7a06e3e5"
url = "https://github.com/reemus-dev/gitnr/releases/download/v0.3.0/gitnr-macos-arm64"
url_api = "https://api.github.com/repos/reemus-dev/gitnr/releases/assets/389610406"

[tools."aqua:reemus-dev/gitnr"."platforms.macos-x64"]
checksum = "sha256:945ef6f1e5065dc9bc73c58faad5e04f4c52dfbd4ee49bd82cb806e9774693ba"
url = "https://github.com/reemus-dev/gitnr/releases/download/v0.3.0/gitnr-macos-amd64"
url_api = "https://api.github.com/repos/reemus-dev/gitnr/releases/assets/389610477"

[tools."aqua:reemus-dev/gitnr"."platforms.windows-x64"]
checksum = "sha256:619787156fd0f89b473e4f5c774627349d336677a8c7a8d3324f5528f1a28da0"
url = "https://github.com/reemus-dev/gitnr/releases/download/v0.3.0/gitnr-win-amd64.exe"
url_api = "https://api.github.com/repos/reemus-dev/gitnr/releases/assets/389610970"

[[tools.cargo-binstall]]
version = "1.21.1"
backend = "aqua:cargo-bins/cargo-binstall"

[tools.cargo-binstall."platforms.linux-arm64"]
checksum = "sha256:1dc2979f3c83aade9a1b4344589d14fafa63459b759222528d11419f5cca9cc2"
url = "https://github.com/cargo-bins/cargo-binstall/releases/download/v1.21.1/cargo-binstall-aarch64-unknown-linux-musl.tgz"
url_api = "https://api.github.com/repos/cargo-bins/cargo-binstall/releases/assets/489425352"
provenance = "github-attestations"

[tools.cargo-binstall."platforms.linux-arm64-musl"]
checksum = "sha256:1dc2979f3c83aade9a1b4344589d14fafa63459b759222528d11419f5cca9cc2"
url = "https://github.com/cargo-bins/cargo-binstall/releases/download/v1.21.1/cargo-binstall-aarch64-unknown-linux-musl.tgz"
url_api = "https://api.github.com/repos/cargo-bins/cargo-binstall/releases/assets/489425352"
provenance = "github-attestations"

[tools.cargo-binstall."platforms.linux-x64"]
checksum = "sha256:630c8f8803a686aa6779497f0f0fb51d49822fb5fc3c514d8ced33b34e338e6e"
url = "https://github.com/cargo-bins/cargo-binstall/releases/download/v1.21.1/cargo-binstall-x86_64-unknown-linux-musl.tgz"
url_api = "https://api.github.com/repos/cargo-bins/cargo-binstall/releases/assets/489425174"
provenance = "github-attestations"

[tools.cargo-binstall."platforms.linux-x64-musl"]
checksum = "sha256:630c8f8803a686aa6779497f0f0fb51d49822fb5fc3c514d8ced33b34e338e6e"
url = "https://github.com/cargo-bins/cargo-binstall/releases/download/v1.21.1/cargo-binstall-x86_64-unknown-linux-musl.tgz"
url_api = "https://api.github.com/repos/cargo-bins/cargo-binstall/releases/assets/489425174"
provenance = "github-attestations"

[tools.cargo-binstall."platforms.macos-arm64"]
checksum = "sha256:bd03935f1a6d652647f6d42a2cd39396a55094ffddc65bed0debebfe32feea43"
url = "https://github.com/cargo-bins/cargo-binstall/releases/download/v1.21.1/cargo-binstall-aarch64-apple-darwin.zip"
url_api = "https://api.github.com/repos/cargo-bins/cargo-binstall/releases/assets/489425460"
provenance = "github-attestations"

[tools.cargo-binstall."platforms.macos-x64"]
checksum = "sha256:73894951a5c5343476e703b9f2ccea9e829396147ee33bded6a5e94c09298d81"
url = "https://github.com/cargo-bins/cargo-binstall/releases/download/v1.21.1/cargo-binstall-x86_64-apple-darwin.zip"
url_api = "https://api.github.com/repos/cargo-bins/cargo-binstall/releases/assets/489425224"
provenance = "github-attestations"

[tools.cargo-binstall."platforms.windows-x64"]
checksum = "sha256:27aee4e73cd8b1d479730cb9cdbd89b1114453a135689d4ee1a7e7f913f0ffe1"
url = "https://github.com/cargo-bins/cargo-binstall/releases/download/v1.21.1/cargo-binstall-x86_64-pc-windows-msvc.zip"
url_api = "https://api.github.com/repos/cargo-bins/cargo-binstall/releases/assets/489425215"
provenance = "github-attestations"

[[tools."conda:eza"]]
version = "0.23.5"
backend = "conda:eza"

[tools."conda:eza".options]
channel = "conda-forge"

[tools."conda:eza"."platforms.macos-arm64"]
checksum = "sha256:cc1616505198ea7ddf137a887dfd92f68023a62e3a8462192ac1177582b1f444"
url = "https://conda.anaconda.org/conda-forge/osx-arm64/eza-0.23.5-h6fdd925_0.conda"
conda_deps = []

[tools."conda:eza"."platforms.macos-x64"]
checksum = "sha256:f62722ddab95130c803e104d226669446db510eeb7f268b95481366fd5696d34"
url = "https://conda.anaconda.org/conda-forge/osx-64/eza-0.23.5-h19f9e61_0.conda"
conda_deps = []

[tools."conda:eza"."platforms.windows-x64"]
checksum = "sha256:cf61a1a7afbc00a9f65bc331e90f8ff2d293826a3fcbc1428c09b86967381bf8"
url = "https://conda.anaconda.org/conda-forge/win-64/eza-0.23.5-h18a1a76_0.conda"
conda_deps = [
    "vc-14.5-h1b7c187_39",
    "vc14_runtime-14.51.36231-h1b9f54f_39",
    "vcomp14-14.51.36231-h1b9f54f_39",
    "ucrt-10.0.26100.0-h57928b3_0",
]

[[tools.delta]]
version = "0.19.2"
backend = "aqua:dandavison/delta"

[tools.delta."platforms.linux-arm64"]
checksum = "sha256:0bfce159a5cddd5feb3d6db4a616d883ff51253ce08ac7ec11cb1d208cfaab9e"
url = "https://github.com/dandavison/delta/releases/download/0.19.2/delta-0.19.2-aarch64-unknown-linux-gnu.tar.gz"
url_api = "https://api.github.com/repos/dandavison/delta/releases/assets/383662337"

[tools.delta."platforms.linux-x64"]
checksum = "sha256:f1ea01ca7728ce3462debc359f39dfc7cbbc1a63224b71fefabf92042864aa1b"
url = "https://github.com/dandavison/delta/releases/download/0.19.2/delta-0.19.2-x86_64-unknown-linux-musl.tar.gz"
url_api = "https://api.github.com/repos/dandavison/delta/releases/assets/383662298"

[tools.delta."platforms.linux-x64-musl"]
checksum = "sha256:f1ea01ca7728ce3462debc359f39dfc7cbbc1a63224b71fefabf92042864aa1b"
url = "https://github.com/dandavison/delta/releases/download/0.19.2/delta-0.19.2-x86_64-unknown-linux-musl.tar.gz"
url_api = "https://api.github.com/repos/dandavison/delta/releases/assets/383662298"

[tools.delta."platforms.macos-arm64"]
checksum = "sha256:9be36612a5a13e9e386dc498fb8e50dc87c72ee42b63db0ea05b32f99a72a69a"
url = "https://github.com/dandavison/delta/releases/download/0.19.2/delta-0.19.2-aarch64-apple-darwin.tar.gz"
url_api = "https://api.github.com/repos/dandavison/delta/releases/assets/383662310"

[tools.delta."platforms.windows-x64"]
checksum = "sha256:ac8ebb4a9f1cbee8b9ea897ba119808a244181adae6f3bed1f3b6b923c50b557"
url = "https://github.com/dandavison/delta/releases/download/0.19.2/delta-0.19.2-x86_64-pc-windows-msvc.zip"
url_api = "https://api.github.com/repos/dandavison/delta/releases/assets/383663165"

[[tools.fnox]]
version = "1.32.0"
backend = "github:jdx/fnox"

[tools.fnox."platforms.linux-arm64"]
checksum = "sha256:7b6287489b780ebd474fa51c026a7df43ee9ad684fcbe13ad3a75b3e1d4a276b"
url = "https://github.com/jdx/fnox/releases/download/v1.32.0/fnox-aarch64-unknown-linux-gnu.tar.gz"
url_api = "https://api.github.com/repos/jdx/fnox/releases/assets/497823870"
provenance = "github-attestations"

[tools.fnox."platforms.linux-arm64-musl"]
checksum = "sha256:2d9336fd2b508880e91933147f7bfcf9269774c81e685f4e8bc9c4f16f8fefa3"
url = "https://github.com/jdx/fnox/releases/download/v1.32.0/fnox-aarch64-unknown-linux-musl.tar.gz"
url_api = "https://api.github.com/repos/jdx/fnox/releases/assets/497823871"
provenance = "github-attestations"

[tools.fnox."platforms.linux-x64"]
checksum = "sha256:7d619e0dc30a1c229a58356f04bcae326255d6a19e78c256bd06b239429728df"
url = "https://github.com/jdx/fnox/releases/download/v1.32.0/fnox-x86_64-unknown-linux-gnu.tar.gz"
url_api = "https://api.github.com/repos/jdx/fnox/releases/assets/497823899"
provenance = "github-attestations"

[tools.fnox."platforms.linux-x64-musl"]
checksum = "sha256:f47e91a4b70cb4f54deb418605b7015f7509bd578a470df1f2ba531b1df80975"
url = "https://github.com/jdx/fnox/releases/download/v1.32.0/fnox-x86_64-unknown-linux-musl.tar.gz"
url_api = "https://api.github.com/repos/jdx/fnox/releases/assets/497823900"
provenance = "github-attestations"

[tools.fnox."platforms.macos-arm64"]
checksum = "sha256:8eac892958b54b01146e103d0aaaf80ca09c4bd77652930a7864da0b7eacd243"
url = "https://github.com/jdx/fnox/releases/download/v1.32.0/fnox-aarch64-apple-darwin.tar.gz"
url_api = "https://api.github.com/repos/jdx/fnox/releases/assets/497823872"
provenance = "github-attestations"
provenance_verified = true

[tools.fnox."platforms.macos-x64"]
checksum = "sha256:ec75551b74cfbe62f592aaa7d6d8d29f4bdd8eaeaca33c0aaab262600c7e4ed5"
url = "https://github.com/jdx/fnox/releases/download/v1.32.0/fnox-x86_64-apple-darwin.tar.gz"
url_api = "https://api.github.com/repos/jdx/fnox/releases/assets/497823869"
provenance = "github-attestations"

[tools.fnox."platforms.windows-x64"]
checksum = "sha256:d81bf1305a64f2faa3a1c9316074c3295bcfb7792085d90f8c383b968f67a7be"
url = "https://github.com/jdx/fnox/releases/download/v1.32.0/fnox-x86_64-pc-windows-msvc.zip"
url_api = "https://api.github.com/repos/jdx/fnox/releases/assets/497823892"
provenance = "github-attestations"

[[tools.fzf]]
version = "0.74.2"
backend = "aqua:junegunn/fzf"

[tools.fzf."platforms.linux-arm64"]
checksum = "sha256:1373e3f5ed3c468179d4529942ddd96c234bcad1bcacaf238916e26a5234b5b2"
url = "https://github.com/junegunn/fzf/releases/download/v0.74.2/fzf-0.74.2-linux_arm64.tar.gz"
url_api = "https://api.github.com/repos/junegunn/fzf/releases/assets/497342620"

[tools.fzf."platforms.linux-arm64-musl"]
checksum = "sha256:1373e3f5ed3c468179d4529942ddd96c234bcad1bcacaf238916e26a5234b5b2"
url = "https://github.com/junegunn/fzf/releases/download/v0.74.2/fzf-0.74.2-linux_arm64.tar.gz"
url_api = "https://api.github.com/repos/junegunn/fzf/releases/assets/497342620"

[tools.fzf."platforms.linux-x64"]
checksum = "sha256:b3648f48675612b69ee35371cf6dc99ca96d767e89b912d079080916ac8ba8bd"
url = "https://github.com/junegunn/fzf/releases/download/v0.74.2/fzf-0.74.2-linux_amd64.tar.gz"
url_api = "https://api.github.com/repos/junegunn/fzf/releases/assets/497342478"

[tools.fzf."platforms.linux-x64-musl"]
checksum = "sha256:b3648f48675612b69ee35371cf6dc99ca96d767e89b912d079080916ac8ba8bd"
url = "https://github.com/junegunn/fzf/releases/download/v0.74.2/fzf-0.74.2-linux_amd64.tar.gz"
url_api = "https://api.github.com/repos/junegunn/fzf/releases/assets/497342478"

[tools.fzf."platforms.macos-arm64"]
checksum = "sha256:d60ddb36356566ac69bae7c3504e888916cf747c9ad2132141c09229b1e28dee"
url = "https://github.com/junegunn/fzf/releases/download/v0.74.2/fzf-0.74.2-darwin_arm64.tar.gz"
url_api = "https://api.github.com/repos/junegunn/fzf/releases/assets/497342630"

[tools.fzf."platforms.macos-x64"]
checksum = "sha256:b019ae8bcca33945a2ffbbbf8369705405cd1406fc4d74267e712797010e3676"
url = "https://github.com/junegunn/fzf/releases/download/v0.74.2/fzf-0.74.2-darwin_amd64.tar.gz"
url_api = "https://api.github.com/repos/junegunn/fzf/releases/assets/497342631"

[tools.fzf."platforms.windows-x64"]
checksum = "sha256:a5a3b27dd203469139d10669721952335b9b46f19346e3d1abc102a67ea60804"
url = "https://github.com/junegunn/fzf/releases/download/v0.74.2/fzf-0.74.2-windows_amd64.zip"
url_api = "https://api.github.com/repos/junegunn/fzf/releases/assets/497342617"

[[tools.gh]]
version = "2.97.0"
backend = "aqua:cli/cli"

[tools.gh."platforms.linux-arm64"]
checksum = "sha256:73ea440ecad9c9e284429997ee6f93577bc6f7bc6fba357ef62c53ad8fb641a5"
url = "https://github.com/cli/cli/releases/download/v2.97.0/gh_2.97.0_linux_arm64.tar.gz"
url_api = "https://api.github.com/repos/cli/cli/releases/assets/496108278"
provenance = "github-attestations"

[tools.gh."platforms.linux-arm64-musl"]
checksum = "sha256:73ea440ecad9c9e284429997ee6f93577bc6f7bc6fba357ef62c53ad8fb641a5"
url = "https://github.com/cli/cli/releases/download/v2.97.0/gh_2.97.0_linux_arm64.tar.gz"
url_api = "https://api.github.com/repos/cli/cli/releases/assets/496108278"
provenance = "github-attestations"

[tools.gh."platforms.linux-x64"]
checksum = "sha256:a2c9b8497e1f85b1ad0dfcb78b5a622e098801b8e461e459e88e1ee12f018112"
url = "https://github.com/cli/cli/releases/download/v2.97.0/gh_2.97.0_linux_amd64.tar.gz"
url_api = "https://api.github.com/repos/cli/cli/releases/assets/496108269"
provenance = "github-attestations"

[tools.gh."platforms.linux-x64-musl"]
checksum = "sha256:a2c9b8497e1f85b1ad0dfcb78b5a622e098801b8e461e459e88e1ee12f018112"
url = "https://github.com/cli/cli/releases/download/v2.97.0/gh_2.97.0_linux_amd64.tar.gz"
url_api = "https://api.github.com/repos/cli/cli/releases/assets/496108269"
provenance = "github-attestations"

[tools.gh."platforms.macos-arm64"]
checksum = "sha256:a58b8fd77b417a38f47a0b54d1370c59b0fcdb324ccc9ca002b0998f7c4c999e"
url = "https://github.com/cli/cli/releases/download/v2.97.0/gh_2.97.0_macOS_arm64.zip"
url_api = "https://api.github.com/repos/cli/cli/releases/assets/496108298"
provenance = "github-attestations"

[tools.gh."platforms.macos-x64"]
checksum = "sha256:63298c998cc2a924c9e254c6af6a1caad6ece281122687a91f079bc0a462700e"
url = "https://github.com/cli/cli/releases/download/v2.97.0/gh_2.97.0_macOS_amd64.zip"
url_api = "https://api.github.com/repos/cli/cli/releases/assets/496108300"
provenance = "github-attestations"

[tools.gh."platforms.windows-x64"]
checksum = "sha256:35d7fe05c4dd1411ffda1e73dfc7c6f44b75c936ca51fa6595c657fdc0350cec"
url = "https://github.com/cli/cli/releases/download/v2.97.0/gh_2.97.0_windows_amd64.zip"
url_api = "https://api.github.com/repos/cli/cli/releases/assets/496108319"
provenance = "github-attestations"

[[tools.git-lfs]]
version = "3.7.1"
backend = "aqua:git-lfs/git-lfs"

[tools.git-lfs."platforms.linux-arm64"]
checksum = "sha256:73a9c90eeb4312133a63c3eaee0c38c019ea7bfa0953d174809d25b18588dd8d"
url = "https://github.com/git-lfs/git-lfs/releases/download/v3.7.1/git-lfs-linux-arm64-v3.7.1.tar.gz"
url_api = "https://api.github.com/repos/git-lfs/git-lfs/releases/assets/305262644"

[tools.git-lfs."platforms.linux-arm64-musl"]
checksum = "sha256:73a9c90eeb4312133a63c3eaee0c38c019ea7bfa0953d174809d25b18588dd8d"
url = "https://github.com/git-lfs/git-lfs/releases/download/v3.7.1/git-lfs-linux-arm64-v3.7.1.tar.gz"
url_api = "https://api.github.com/repos/git-lfs/git-lfs/releases/assets/305262644"

[tools.git-lfs."platforms.linux-x64"]
checksum = "sha256:1c0b6ee5200ca708c5cebebb18fdeb0e1c98f1af5c1a9cba205a4c0ab5a5ec08"
url = "https://github.com/git-lfs/git-lfs/releases/download/v3.7.1/git-lfs-linux-amd64-v3.7.1.tar.gz"
url_api = "https://api.github.com/repos/git-lfs/git-lfs/releases/assets/305262626"

[tools.git-lfs."platforms.linux-x64-musl"]
checksum = "sha256:1c0b6ee5200ca708c5cebebb18fdeb0e1c98f1af5c1a9cba205a4c0ab5a5ec08"
url = "https://github.com/git-lfs/git-lfs/releases/download/v3.7.1/git-lfs-linux-amd64-v3.7.1.tar.gz"
url_api = "https://api.github.com/repos/git-lfs/git-lfs/releases/assets/305262626"

[tools.git-lfs."platforms.macos-arm64"]
checksum = "sha256:76260fb34f4ee622ff0a66b857e5954aa49c7e343a92e57a1ec4a760618c94b2"
url = "https://github.com/git-lfs/git-lfs/releases/download/v3.7.1/git-lfs-darwin-arm64-v3.7.1.zip"
url_api = "https://api.github.com/repos/git-lfs/git-lfs/releases/assets/305262593"

[tools.git-lfs."platforms.macos-x64"]
checksum = "sha256:b5b1b641c0648c83661fa9eda991cd3eff945264dabc2cdf411a80dfe7ec0970"
url = "https://github.com/git-lfs/git-lfs/releases/download/v3.7.1/git-lfs-darwin-amd64-v3.7.1.zip"
url_api = "https://api.github.com/repos/git-lfs/git-lfs/releases/assets/305262587"

[tools.git-lfs."platforms.windows-x64"]
checksum = "sha256:8683cdc3d6c029b49393dcebbaa6265bd6efd9abdcf837be855b4cd42e5e80b6"
url = "https://github.com/git-lfs/git-lfs/releases/download/v3.7.1/git-lfs-windows-amd64-v3.7.1.zip"
url_api = "https://api.github.com/repos/git-lfs/git-lfs/releases/assets/305262684"

[[tools."github:MitMaro/git-interactive-rebase-tool"]]
version = "2.4.1"
backend = "github:MitMaro/git-interactive-rebase-tool"

[tools."github:MitMaro/git-interactive-rebase-tool"."platforms.windows-x64"]
url = "https://github.com/MitMaro/git-interactive-rebase-tool/releases/download/2.4.1/git-interactive-rebase-tool-2.4.1-windows-_x86_64.exe"
url_api = "https://api.github.com/repos/MitMaro/git-interactive-rebase-tool/releases/assets/176279168"

[[tools."github:MitMaro/git-interactive-rebase-tool"]]
version = "2.4.1"
backend = "github:MitMaro/git-interactive-rebase-tool"

[tools."github:MitMaro/git-interactive-rebase-tool".options]
asset_pattern = "git-interactive-rebase-tool-*-macos-*_arm"

[tools."github:MitMaro/git-interactive-rebase-tool"."platforms.macos-arm64"]
url = "https://github.com/MitMaro/git-interactive-rebase-tool/releases/download/2.4.1/git-interactive-rebase-tool-2.4.1-macos-12_arm"
url_api = "https://api.github.com/repos/MitMaro/git-interactive-rebase-tool/releases/assets/176278547"

[tools."github:MitMaro/git-interactive-rebase-tool"."platforms.windows-x64"]
url = "https://github.com/MitMaro/git-interactive-rebase-tool/releases/download/2.4.1/git-interactive-rebase-tool-2.4.1-windows-_x86_64.exe"
url_api = "https://api.github.com/repos/MitMaro/git-interactive-rebase-tool/releases/assets/176279168"

[[tools."github:MitMaro/git-interactive-rebase-tool"]]
version = "2.4.1"
backend = "github:MitMaro/git-interactive-rebase-tool"

[tools."github:MitMaro/git-interactive-rebase-tool".options]
asset_pattern = "git-interactive-rebase-tool-*-ubuntu-*_arm64.deb"

[tools."github:MitMaro/git-interactive-rebase-tool"."platforms.linux-arm64"]
url = "https://github.com/MitMaro/git-interactive-rebase-tool/releases/download/2.4.1/git-interactive-rebase-tool-2.4.1-ubuntu-20.04_arm64.deb"
url_api = "https://api.github.com/repos/MitMaro/git-interactive-rebase-tool/releases/assets/176278671"

[tools."github:MitMaro/git-interactive-rebase-tool"."platforms.linux-arm64-musl"]
url = "https://github.com/MitMaro/git-interactive-rebase-tool/releases/download/2.4.1/git-interactive-rebase-tool-2.4.1-ubuntu-20.04_arm64.deb"
url_api = "https://api.github.com/repos/MitMaro/git-interactive-rebase-tool/releases/assets/176278671"

[[tools."github:MitMaro/git-interactive-rebase-tool"]]
version = "2.4.1"
backend = "github:MitMaro/git-interactive-rebase-tool"

[tools."github:MitMaro/git-interactive-rebase-tool".options]
asset_pattern = "git-interactive-rebase-tool-*-ubuntu-*_amd64.deb"

[tools."github:MitMaro/git-interactive-rebase-tool"."platforms.linux-x64"]
url = "https://github.com/MitMaro/git-interactive-rebase-tool/releases/download/2.4.1/git-interactive-rebase-tool-2.4.1-ubuntu-20.04_amd64.deb"
url_api = "https://api.github.com/repos/MitMaro/git-interactive-rebase-tool/releases/assets/176278646"

[tools."github:MitMaro/git-interactive-rebase-tool"."platforms.linux-x64-musl"]
url = "https://github.com/MitMaro/git-interactive-rebase-tool/releases/download/2.4.1/git-interactive-rebase-tool-2.4.1-ubuntu-20.04_amd64.deb"
url_api = "https://api.github.com/repos/MitMaro/git-interactive-rebase-tool/releases/assets/176278646"

[[tools."github:MitMaro/git-interactive-rebase-tool"]]
version = "2.4.1"
backend = "github:MitMaro/git-interactive-rebase-tool"

[tools."github:MitMaro/git-interactive-rebase-tool".options]
asset_pattern = "git-interactive-rebase-tool-*-macos-*_intel"

[tools."github:MitMaro/git-interactive-rebase-tool"."platforms.macos-x64"]
url = "https://github.com/MitMaro/git-interactive-rebase-tool/releases/download/2.4.1/git-interactive-rebase-tool-2.4.1-macos-12_intel"
url_api = "https://api.github.com/repos/MitMaro/git-interactive-rebase-tool/releases/assets/176278550"

[[tools."github:max-sixty/worktrunk"]]
version = "0.71.0"
backend = "github:max-sixty/worktrunk"

[tools."github:max-sixty/worktrunk"."platforms.linux-arm64"]
checksum = "sha256:22df8f74a708a21cd51774a4b963684788ae6fe4681758b0a3b3dca3218cee83"
url = "https://github.com/max-sixty/worktrunk/releases/download/v0.71.0/worktrunk-aarch64-unknown-linux-musl.tar.xz"
url_api = "https://api.github.com/repos/max-sixty/worktrunk/releases/assets/495845672"

[tools."github:max-sixty/worktrunk"."platforms.linux-arm64-musl"]
checksum = "sha256:22df8f74a708a21cd51774a4b963684788ae6fe4681758b0a3b3dca3218cee83"
url = "https://github.com/max-sixty/worktrunk/releases/download/v0.71.0/worktrunk-aarch64-unknown-linux-musl.tar.xz"
url_api = "https://api.github.com/repos/max-sixty/worktrunk/releases/assets/495845672"

[tools."github:max-sixty/worktrunk"."platforms.linux-x64"]
checksum = "sha256:287f0de1bc5dec271dd5546895c73a085bc090f0eb862946062d7cb18effbdd2"
url = "https://github.com/max-sixty/worktrunk/releases/download/v0.71.0/worktrunk-x86_64-unknown-linux-musl.tar.xz"
url_api = "https://api.github.com/repos/max-sixty/worktrunk/releases/assets/495845692"

[tools."github:max-sixty/worktrunk"."platforms.linux-x64-musl"]
checksum = "sha256:287f0de1bc5dec271dd5546895c73a085bc090f0eb862946062d7cb18effbdd2"
url = "https://github.com/max-sixty/worktrunk/releases/download/v0.71.0/worktrunk-x86_64-unknown-linux-musl.tar.xz"
url_api = "https://api.github.com/repos/max-sixty/worktrunk/releases/assets/495845692"

[tools."github:max-sixty/worktrunk"."platforms.macos-arm64"]
checksum = "sha256:429b31306f50e39d2c90de5da293aa14e6983ffe28a49a4fcedaa3632d28b94c"
url = "https://github.com/max-sixty/worktrunk/releases/download/v0.71.0/worktrunk-aarch64-apple-darwin.tar.xz"
url_api = "https://api.github.com/repos/max-sixty/worktrunk/releases/assets/495845661"

[tools."github:max-sixty/worktrunk"."platforms.macos-x64"]
checksum = "sha256:84e3f45e6ddfd0b1f3b2d7be41b0bcfc6c1711f6369b3e19c6eb8646d72d3e02"
url = "https://github.com/max-sixty/worktrunk/releases/download/v0.71.0/worktrunk-x86_64-apple-darwin.tar.xz"
url_api = "https://api.github.com/repos/max-sixty/worktrunk/releases/assets/495845682"

[tools."github:max-sixty/worktrunk"."platforms.windows-x64"]
checksum = "sha256:3af1357199574a13852931eee5b2b11f5027c6c3bd7cf99d9d4cd36cd838a6e3"
url = "https://github.com/max-sixty/worktrunk/releases/download/v0.71.0/worktrunk-x86_64-pc-windows-msvc.zip"
url_api = "https://api.github.com/repos/max-sixty/worktrunk/releases/assets/495845685"

[[tools."github:openai/symphony"]]
version = "0.0.2"
backend = "github:openai/symphony"

[tools."github:openai/symphony"."platforms.linux-arm64"]
checksum = "sha256:7ea41ccba6da73281950dd9dcb1daf888e9d47acbdf2825997ebc701967fee17"
url = "https://github.com/openai/symphony/releases/download/v0.0.2/symphony-v0.0.2-linux_arm64"
url_api = "https://api.github.com/repos/openai/symphony/releases/assets/488523456"

[tools."github:openai/symphony"."platforms.linux-arm64-musl"]
checksum = "sha256:7ea41ccba6da73281950dd9dcb1daf888e9d47acbdf2825997ebc701967fee17"
url = "https://github.com/openai/symphony/releases/download/v0.0.2/symphony-v0.0.2-linux_arm64"
url_api = "https://api.github.com/repos/openai/symphony/releases/assets/488523456"

[tools."github:openai/symphony"."platforms.linux-x64"]
checksum = "sha256:bace377e92b7c244a29da15a88f517c7722ca69e249068395f77ce6912ef39eb"
url = "https://github.com/openai/symphony/releases/download/v0.0.2/symphony-v0.0.2-linux_x86_64"
url_api = "https://api.github.com/repos/openai/symphony/releases/assets/488523457"

[tools."github:openai/symphony"."platforms.linux-x64-musl"]
checksum = "sha256:bace377e92b7c244a29da15a88f517c7722ca69e249068395f77ce6912ef39eb"
url = "https://github.com/openai/symphony/releases/download/v0.0.2/symphony-v0.0.2-linux_x86_64"
url_api = "https://api.github.com/repos/openai/symphony/releases/assets/488523457"

[tools."github:openai/symphony"."platforms.macos-arm64"]
checksum = "sha256:902fb351aa2a4305887a1d8d10d47977100fe1398676e8d50e5baa3eb20db52c"
url = "https://github.com/openai/symphony/releases/download/v0.0.2/symphony-v0.0.2-macos_arm64"
url_api = "https://api.github.com/repos/openai/symphony/releases/assets/488523460"

[tools."github:openai/symphony"."platforms.macos-x64"]
checksum = "sha256:494e34329c04b39563a46bc01295580829e55298d2a0b945d812a20d13917c9f"
url = "https://github.com/openai/symphony/releases/download/v0.0.2/symphony-v0.0.2-macos_x86_64"
url_api = "https://api.github.com/repos/openai/symphony/releases/assets/488523470"

[[tools.gitui]]
version = "0.28.1"
backend = "asdf:gitui"

[[tools."go:github.com/bradschwartz/docker-credential-ghcr-login"]]
version = "0.2.0"
backend = "go:github.com/bradschwartz/docker-credential-ghcr-login"

[[tools.helix]]
version = "25.07.1"
backend = "aqua:helix-editor/helix"

[tools.helix."platforms.linux-arm64"]
checksum = "sha256:ce23fa8d395e633e3e54c052012f11965d91d8d5c2bfa659685f50430b4f8175"
url = "https://github.com/helix-editor/helix/releases/download/25.07.1/helix-25.07.1-aarch64-linux.tar.xz"
url_api = "https://api.github.com/repos/helix-editor/helix/releases/assets/274144408"

[tools.helix."platforms.linux-arm64-musl"]
checksum = "sha256:ce23fa8d395e633e3e54c052012f11965d91d8d5c2bfa659685f50430b4f8175"
url = "https://github.com/helix-editor/helix/releases/download/25.07.1/helix-25.07.1-aarch64-linux.tar.xz"
url_api = "https://api.github.com/repos/helix-editor/helix/releases/assets/274144408"

[tools.helix."platforms.linux-x64"]
checksum = "sha256:3f08e63ecd388fff657ad39722f88bb03dcf326f1f2da2700d99e1dc40ab2e8b"
url = "https://github.com/helix-editor/helix/releases/download/25.07.1/helix-25.07.1-x86_64-linux.tar.xz"
url_api = "https://api.github.com/repos/helix-editor/helix/releases/assets/274144380"

[tools.helix."platforms.linux-x64-musl"]
checksum = "sha256:3f08e63ecd388fff657ad39722f88bb03dcf326f1f2da2700d99e1dc40ab2e8b"
url = "https://github.com/helix-editor/helix/releases/download/25.07.1/helix-25.07.1-x86_64-linux.tar.xz"
url_api = "https://api.github.com/repos/helix-editor/helix/releases/assets/274144380"

[tools.helix."platforms.macos-arm64"]
checksum = "sha256:00b1651b4fdbbe0a2ae981c8e76b858bd26a7c33f5b3583f3b6bb9137d54f1ff"
url = "https://github.com/helix-editor/helix/releases/download/25.07.1/helix-25.07.1-aarch64-macos.tar.xz"
url_api = "https://api.github.com/repos/helix-editor/helix/releases/assets/274144403"

[tools.helix."platforms.macos-x64"]
checksum = "sha256:84dc32d617d28d32f4aa21e3aafac47bd715d1154aeb977697d4d60b887b7103"
url = "https://github.com/helix-editor/helix/releases/download/25.07.1/helix-25.07.1-x86_64-macos.tar.xz"
url_api = "https://api.github.com/repos/helix-editor/helix/releases/assets/274144378"

[tools.helix."platforms.windows-x64"]
checksum = "sha256:5c8325ced8bacd8418d62706f669e96d9c3578a9237526e34d546900cbc049b6"
url = "https://github.com/helix-editor/helix/releases/download/25.07.1/helix-25.07.1-x86_64-windows.zip"
url_api = "https://api.github.com/repos/helix-editor/helix/releases/assets/274144377"

[[tools.jaq]]
version = "3.1.1"
backend = "aqua:01mf02/jaq"

[tools.jaq."platforms.linux-arm64"]
checksum = "sha256:bdda42d5a8c060a2c7916b287a227e7750d5fccbd4c37aacf0ab863010921829"
url = "https://github.com/01mf02/jaq/releases/download/v3.1.1/jaq-aarch64-unknown-linux-gnu"
url_api = "https://api.github.com/repos/01mf02/jaq/releases/assets/502327954"

[tools.jaq."platforms.linux-x64"]
checksum = "sha256:b9a07a6f10f0305d96d333ea7db69d60704eb4d4e71c98094157e3cc9fe08110"
url = "https://github.com/01mf02/jaq/releases/download/v3.1.1/jaq-x86_64-unknown-linux-musl"
url_api = "https://api.github.com/repos/01mf02/jaq/releases/assets/502327739"

[tools.jaq."platforms.linux-x64-musl"]
checksum = "sha256:b9a07a6f10f0305d96d333ea7db69d60704eb4d4e71c98094157e3cc9fe08110"
url = "https://github.com/01mf02/jaq/releases/download/v3.1.1/jaq-x86_64-unknown-linux-musl"
url_api = "https://api.github.com/repos/01mf02/jaq/releases/assets/502327739"

[tools.jaq."platforms.macos-arm64"]
checksum = "sha256:b1a2e63384e156d90bbf61a1142302aa59bfebd8c89e24dfc9b5747618880fcd"
url = "https://github.com/01mf02/jaq/releases/download/v3.1.1/jaq-aarch64-apple-darwin"
url_api = "https://api.github.com/repos/01mf02/jaq/releases/assets/502328070"

[tools.jaq."platforms.macos-x64"]
checksum = "sha256:34b1a9495dbd28df09ad83c832a2ae4be60657d8c24e72f28565cd19b98ed0af"
url = "https://github.com/01mf02/jaq/releases/download/v3.1.1/jaq-x86_64-apple-darwin"
url_api = "https://api.github.com/repos/01mf02/jaq/releases/assets/502327833"

[tools.jaq."platforms.windows-x64"]
checksum = "sha256:7b2f5153d11118c3ccff01859743e09842cabc42ba08f8876489c1be30d1d08d"
url = "https://github.com/01mf02/jaq/releases/download/v3.1.1/jaq-x86_64-pc-windows-msvc.exe"
url_api = "https://api.github.com/repos/01mf02/jaq/releases/assets/502328777"

[[tools.pitchfork]]
version = "2.20.0"
backend = "aqua:jdx/pitchfork"

[tools.pitchfork."platforms.linux-arm64"]
checksum = "sha256:cfa5db42b8a3c068c88f78b60f47e64f8bf7c2841c26b80628770f9844e3f7d5"
url = "https://github.com/jdx/pitchfork/releases/download/v2.20.0/pitchfork-aarch64-unknown-linux-gnu.tar.gz"
url_api = "https://api.github.com/repos/jdx/pitchfork/releases/assets/499131744"

[tools.pitchfork."platforms.linux-x64"]
checksum = "sha256:ad9011369dd5ab3b77af2d70e9930d6058c3f58c1e3867dc902960ee089519a2"
url = "https://github.com/jdx/pitchfork/releases/download/v2.20.0/pitchfork-x86_64-unknown-linux-gnu.tar.gz"
url_api = "https://api.github.com/repos/jdx/pitchfork/releases/assets/499131174"

[tools.pitchfork."platforms.macos-arm64"]
checksum = "sha256:07d27b5dc3dc998de9e68a2a213fd7b186b3f7031c5dd12bb95a2a0903d374fe"
url = "https://github.com/jdx/pitchfork/releases/download/v2.20.0/pitchfork-aarch64-apple-darwin.tar.gz"
url_api = "https://api.github.com/repos/jdx/pitchfork/releases/assets/499133563"

[tools.pitchfork."platforms.windows-x64"]
checksum = "sha256:234b17756a2c39dccaa2cfcef9998702a8c2cc176bfa6cf63f7cce7d874fb763"
url = "https://github.com/jdx/pitchfork/releases/download/v2.20.0/pitchfork-x86_64-pc-windows-msvc.zip"
url_api = "https://api.github.com/repos/jdx/pitchfork/releases/assets/499137411"

[[tools.starship]]
version = "1.26.0"
backend = "aqua:starship/starship"

[tools.starship."platforms.linux-arm64"]
checksum = "sha256:dc30189378d2f2e287384e8a692d3f95ad1df64cf0e8c36aa9201516028aed6b"
url = "https://github.com/starship/starship/releases/download/v1.26.0/starship-aarch64-unknown-linux-musl.tar.gz"
url_api = "https://api.github.com/repos/starship/starship/releases/assets/460374586"

[tools.starship."platforms.linux-arm64-musl"]
checksum = "sha256:dc30189378d2f2e287384e8a692d3f95ad1df64cf0e8c36aa9201516028aed6b"
url = "https://github.com/starship/starship/releases/download/v1.26.0/starship-aarch64-unknown-linux-musl.tar.gz"
url_api = "https://api.github.com/repos/starship/starship/releases/assets/460374586"

[tools.starship."platforms.linux-x64"]
checksum = "sha256:b7c232b0e8249d8e55a40beb79c5c43a7d370f3f9408bd215deb0170daeaadf3"
url = "https://github.com/starship/starship/releases/download/v1.26.0/starship-x86_64-unknown-linux-musl.tar.gz"
url_api = "https://api.github.com/repos/starship/starship/releases/assets/460374630"

[tools.starship."platforms.linux-x64-musl"]
checksum = "sha256:b7c232b0e8249d8e55a40beb79c5c43a7d370f3f9408bd215deb0170daeaadf3"
url = "https://github.com/starship/starship/releases/download/v1.26.0/starship-x86_64-unknown-linux-musl.tar.gz"
url_api = "https://api.github.com/repos/starship/starship/releases/assets/460374630"

[tools.starship."platforms.macos-arm64"]
checksum = "sha256:c40b27b11f580411e068f2fa6c1be7830a387c0bc47a94d1d37f32b054c5361d"
url = "https://github.com/starship/starship/releases/download/v1.26.0/starship-aarch64-apple-darwin.tar.gz"
url_api = "https://api.github.com/repos/starship/starship/releases/assets/460374577"

[tools.starship."platforms.macos-x64"]
checksum = "sha256:5548f406a4b6f5695903bdea83f77ce47ec12c8c0e62dabd33122d8f133e4207"
url = "https://github.com/starship/starship/releases/download/v1.26.0/starship-x86_64-apple-darwin.tar.gz"
url_api = "https://api.github.com/repos/starship/starship/releases/assets/460374608"

[tools.starship."platforms.windows-x64"]
checksum = "sha256:690021e22f2bf2c57d5867dc0fababe5e55e714c26942bd909ffddb6c5df42f2"
url = "https://github.com/starship/starship/releases/download/v1.26.0/starship-x86_64-pc-windows-msvc.zip"
url_api = "https://api.github.com/repos/starship/starship/releases/assets/460374615"

[[tools.vivid]]
version = "0.11.1"
backend = "aqua:sharkdp/vivid"

[tools.vivid."platforms.linux-arm64"]
checksum = "sha256:99bf6438b3403bc9255a83363fe5ed49a0f8bd86377a561420836af14dc8e9ee"
url = "https://github.com/sharkdp/vivid/releases/download/v0.11.1/vivid-v0.11.1-aarch64-unknown-linux-gnu.tar.gz"
url_api = "https://api.github.com/repos/sharkdp/vivid/releases/assets/392656126"

[tools.vivid."platforms.linux-x64"]
checksum = "sha256:f1a80a39c75ceae43c4187f302e66c0a45d941ed1479456a0d5ddef665663181"
url = "https://github.com/sharkdp/vivid/releases/download/v0.11.1/vivid-v0.11.1-x86_64-unknown-linux-musl.tar.gz"
url_api = "https://api.github.com/repos/sharkdp/vivid/releases/assets/392656024"

[tools.vivid."platforms.linux-x64-musl"]
checksum = "sha256:f1a80a39c75ceae43c4187f302e66c0a45d941ed1479456a0d5ddef665663181"
url = "https://github.com/sharkdp/vivid/releases/download/v0.11.1/vivid-v0.11.1-x86_64-unknown-linux-musl.tar.gz"
url_api = "https://api.github.com/repos/sharkdp/vivid/releases/assets/392656024"

[tools.vivid."platforms.macos-arm64"]
checksum = "sha256:82b23caf7c2fd0adeead0df197c76d5d997c57887a6265e7e63e729daec18570"
url = "https://github.com/sharkdp/vivid/releases/download/v0.11.1/vivid-v0.11.1-aarch64-apple-darwin.tar.gz"
url_api = "https://api.github.com/repos/sharkdp/vivid/releases/assets/392655755"

[tools.vivid."platforms.macos-x64"]
checksum = "sha256:b10548ea09e54d3015fb348466d0c33356106e52e8848545dc5b40fbe57b5547"
url = "https://github.com/sharkdp/vivid/releases/download/v0.11.1/vivid-v0.11.1-x86_64-apple-darwin.tar.gz"
url_api = "https://api.github.com/repos/sharkdp/vivid/releases/assets/392655819"

[tools.vivid."platforms.windows-x64"]
checksum = "sha256:2bc2700c9cae57c43c6abbb1063e755977972b81e8eb34f266750aabd02a9cf1"
url = "https://github.com/sharkdp/vivid/releases/download/v0.11.1/vivid-v0.11.1-x86_64-pc-windows-msvc.zip"
url_api = "https://api.github.com/repos/sharkdp/vivid/releases/assets/392656693"
