# @generated - this file is auto-generated by `mise lock` https://mise.en.dev/dev-tools/mise-lock.html

[[tools."aqua:BurntSushi/ripgrep"]]
version = "15.2.0"
backend = "aqua:BurntSushi/ripgrep"

[tools."aqua:BurntSushi/ripgrep"."platforms.linux-arm64"]
checksum = "sha256:a740b91c82eaf9914cfedd353572f2791cbe0162c84101ee0951058f4dcbc90d"
url = "https://github.com/BurntSushi/ripgrep/releases/download/15.2.0/ripgrep-15.2.0-aarch64-unknown-linux-gnu.tar.gz"
url_api = "https://api.github.com/repos/BurntSushi/ripgrep/releases/assets/478119579"

[tools."aqua:BurntSushi/ripgrep"."platforms.linux-arm64-musl"]
checksum = "sha256:800b1e7206afe799dfb5a6901f23147cfaabe0e52210538100f61e86e1740915"
url = "https://github.com/BurntSushi/ripgrep/releases/download/15.2.0/ripgrep-15.2.0-aarch64-unknown-linux-musl.tar.gz"
url_api = "https://api.github.com/repos/BurntSushi/ripgrep/releases/assets/478120060"

[tools."aqua:BurntSushi/ripgrep"."platforms.linux-x64"]
checksum = "sha256:33e15bcf1624b25cdd2a55813a47a2f95dbe126268203e76aa6a585d1e7b149c"
url = "https://github.com/BurntSushi/ripgrep/releases/download/15.2.0/ripgrep-15.2.0-x86_64-unknown-linux-musl.tar.gz"
url_api = "https://api.github.com/repos/BurntSushi/ripgrep/releases/assets/478120097"

[tools."aqua:BurntSushi/ripgrep"."platforms.linux-x64-musl"]
checksum = "sha256:33e15bcf1624b25cdd2a55813a47a2f95dbe126268203e76aa6a585d1e7b149c"
url = "https://github.com/BurntSushi/ripgrep/releases/download/15.2.0/ripgrep-15.2.0-x86_64-unknown-linux-musl.tar.gz"
url_api = "https://api.github.com/repos/BurntSushi/ripgrep/releases/assets/478120097"

[tools."aqua:BurntSushi/ripgrep"."platforms.macos-arm64"]
checksum = "sha256:3750b2e93f37e0c692657da574d7019a101c0084da05a790c83fd335bad973e4"
url = "https://github.com/BurntSushi/ripgrep/releases/download/15.2.0/ripgrep-15.2.0-aarch64-apple-darwin.tar.gz"
url_api = "https://api.github.com/repos/BurntSushi/ripgrep/releases/assets/478118851"

[tools."aqua:BurntSushi/ripgrep"."platforms.macos-x64"]
checksum = "sha256:af7825fcc69a2afc7a7aea55fc9af90e26421d8f20fe59df32e233c0b8a231c1"
url = "https://github.com/BurntSushi/ripgrep/releases/download/15.2.0/ripgrep-15.2.0-x86_64-apple-darwin.tar.gz"
url_api = "https://api.github.com/repos/BurntSushi/ripgrep/releases/assets/478119585"

[tools."aqua:BurntSushi/ripgrep"."platforms.windows-x64"]
checksum = "sha256:71b2fef860abe467217a538ff31de02f5258807c0129f771846f87bd029aafc5"
url = "https://github.com/BurntSushi/ripgrep/releases/download/15.2.0/ripgrep-15.2.0-x86_64-pc-windows-msvc.zip"
url_api = "https://api.github.com/repos/BurntSushi/ripgrep/releases/assets/478119643"

[[tools."aqua:reemus-dev/gitnr"]]
version = "0.3.0"
backend = "aqua:reemus-dev/gitnr"

[tools."aqua:reemus-dev/gitnr"."platforms.linux-x64"]
checksum = "sha256:1b7a532e725dc15ee44c53aaca1f07b490a7cd76a110c2e89afe4a71bf9f2e23"
url = "https://github.com/reemus-dev/gitnr/releases/download/v0.3.0/gitnr-linux-amd64"
url_api = "https://api.github.com/repos/reemus-dev/gitnr/releases/assets/389610493"

[tools."aqua:reemus-dev/gitnr"."platforms.linux-x64-musl"]
checksum = "sha256:1b7a532e725dc15ee44c53aaca1f07b490a7cd76a110c2e89afe4a71bf9f2e23"
url = "https://github.com/reemus-dev/gitnr/releases/download/v0.3.0/gitnr-linux-amd64"
url_api = "https://api.github.com/repos/reemus-dev/gitnr/releases/assets/389610493"

[tools."aqua:reemus-dev/gitnr"."platforms.macos-arm64"]
checksum = "sha256:f5dfa66592131a3e1e73dd94b1d9d741d222c54fa9acbb6cf116a08c7a06e3e5"
url = "https://github.com/reemus-dev/gitnr/releases/download/v0.3.0/gitnr-macos-arm64"
url_api = "https://api.github.com/repos/reemus-dev/gitnr/releases/assets/389610406"

[tools."aqua:reemus-dev/gitnr"."platforms.macos-x64"]
checksum = "sha256:945ef6f1e5065dc9bc73c58faad5e04f4c52dfbd4ee49bd82cb806e9774693ba"
url = "https://github.com/reemus-dev/gitnr/releases/download/v0.3.0/gitnr-macos-amd64"
url_api = "https://api.github.com/repos/reemus-dev/gitnr/releases/assets/389610477"

[tools."aqua:reemus-dev/gitnr"."platforms.windows-x64"]
checksum = "sha256:619787156fd0f89b473e4f5c774627349d336677a8c7a8d3324f5528f1a28da0"
url = "https://github.com/reemus-dev/gitnr/releases/download/v0.3.0/gitnr-win-amd64.exe"
url_api = "https://api.github.com/repos/reemus-dev/gitnr/releases/assets/389610970"

[[tools.cargo-binstall]]
version = "1.21.0"
backend = "aqua:cargo-bins/cargo-binstall"

[tools.cargo-binstall."platforms.linux-arm64"]
checksum = "sha256:31f0564854bd031f20c9abfe33312ea630e6a06a2f6d6309b54b5649608f55be"
url = "https://github.com/cargo-bins/cargo-binstall/releases/download/v1.21.0/cargo-binstall-aarch64-unknown-linux-musl.tgz"
url_api = "https://api.github.com/repos/cargo-bins/cargo-binstall/releases/assets/476613087"
provenance = "github-attestations"

[tools.cargo-binstall."platforms.linux-arm64-musl"]
checksum = "sha256:31f0564854bd031f20c9abfe33312ea630e6a06a2f6d6309b54b5649608f55be"
url = "https://github.com/cargo-bins/cargo-binstall/releases/download/v1.21.0/cargo-binstall-aarch64-unknown-linux-musl.tgz"
url_api = "https://api.github.com/repos/cargo-bins/cargo-binstall/releases/assets/476613087"
provenance = "github-attestations"

[tools.cargo-binstall."platforms.linux-x64"]
checksum = "sha256:b1880b3631d1ff0fd1f286a0d20f82f373355651f9fbd7f4d0d7fbfe218bf562"
url = "https://github.com/cargo-bins/cargo-binstall/releases/download/v1.21.0/cargo-binstall-x86_64-unknown-linux-musl.tgz"
url_api = "https://api.github.com/repos/cargo-bins/cargo-binstall/releases/assets/476612736"
provenance = "github-attestations"

[tools.cargo-binstall."platforms.linux-x64-musl"]
checksum = "sha256:b1880b3631d1ff0fd1f286a0d20f82f373355651f9fbd7f4d0d7fbfe218bf562"
url = "https://github.com/cargo-bins/cargo-binstall/releases/download/v1.21.0/cargo-binstall-x86_64-unknown-linux-musl.tgz"
url_api = "https://api.github.com/repos/cargo-bins/cargo-binstall/releases/assets/476612736"
provenance = "github-attestations"

[tools.cargo-binstall."platforms.macos-arm64"]
checksum = "sha256:e44737132b2d0543e72a6f128307ebbf204b171f57b2ea9db55b8bbe54b6b632"
url = "https://github.com/cargo-bins/cargo-binstall/releases/download/v1.21.0/cargo-binstall-aarch64-apple-darwin.zip"
url_api = "https://api.github.com/repos/cargo-bins/cargo-binstall/releases/assets/476613286"
provenance = "github-attestations"

[tools.cargo-binstall."platforms.macos-x64"]
checksum = "sha256:ad7cd72d8074ef613ab392cae291c7c8bcc25a4f6690e726ed665ded8640871e"
url = "https://github.com/cargo-bins/cargo-binstall/releases/download/v1.21.0/cargo-binstall-x86_64-apple-darwin.zip"
url_api = "https://api.github.com/repos/cargo-bins/cargo-binstall/releases/assets/476612855"
provenance = "github-attestations"

[tools.cargo-binstall."platforms.windows-x64"]
checksum = "sha256:f87cc2ca3a103664dab3eac521aa4e49ae72fa0b1e70fba837cd12932001629b"
url = "https://github.com/cargo-bins/cargo-binstall/releases/download/v1.21.0/cargo-binstall-x86_64-pc-windows-msvc.zip"
url_api = "https://api.github.com/repos/cargo-bins/cargo-binstall/releases/assets/476612813"
provenance = "github-attestations"

[[tools.delta]]
version = "0.19.2"
backend = "aqua:dandavison/delta"

[tools.delta."platforms.linux-arm64"]
checksum = "sha256:0bfce159a5cddd5feb3d6db4a616d883ff51253ce08ac7ec11cb1d208cfaab9e"
url = "https://github.com/dandavison/delta/releases/download/0.19.2/delta-0.19.2-aarch64-unknown-linux-gnu.tar.gz"
url_api = "https://api.github.com/repos/dandavison/delta/releases/assets/383662337"

[tools.delta."platforms.linux-x64"]
checksum = "sha256:f1ea01ca7728ce3462debc359f39dfc7cbbc1a63224b71fefabf92042864aa1b"
url = "https://github.com/dandavison/delta/releases/download/0.19.2/delta-0.19.2-x86_64-unknown-linux-musl.tar.gz"
url_api = "https://api.github.com/repos/dandavison/delta/releases/assets/383662298"

[tools.delta."platforms.linux-x64-musl"]
checksum = "sha256:f1ea01ca7728ce3462debc359f39dfc7cbbc1a63224b71fefabf92042864aa1b"
url = "https://github.com/dandavison/delta/releases/download/0.19.2/delta-0.19.2-x86_64-unknown-linux-musl.tar.gz"
url_api = "https://api.github.com/repos/dandavison/delta/releases/assets/383662298"

[tools.delta."platforms.macos-arm64"]
checksum = "sha256:9be36612a5a13e9e386dc498fb8e50dc87c72ee42b63db0ea05b32f99a72a69a"
url = "https://github.com/dandavison/delta/releases/download/0.19.2/delta-0.19.2-aarch64-apple-darwin.tar.gz"
url_api = "https://api.github.com/repos/dandavison/delta/releases/assets/383662310"

[tools.delta."platforms.windows-x64"]
checksum = "sha256:ac8ebb4a9f1cbee8b9ea897ba119808a244181adae6f3bed1f3b6b923c50b557"
url = "https://github.com/dandavison/delta/releases/download/0.19.2/delta-0.19.2-x86_64-pc-windows-msvc.zip"
url_api = "https://api.github.com/repos/dandavison/delta/releases/assets/383663165"

[[tools.eza]]
version = "0.23.5"
backend = "asdf:eza"

[[tools.fnox]]
version = "1.31.0"
backend = "github:jdx/fnox"

[tools.fnox."platforms.linux-arm64"]
checksum = "sha256:627f93c5fac35c08f613415e25904ed6775c50e19bc8e9c6d61fe5d02014635d"
url = "https://github.com/jdx/fnox/releases/download/v1.31.0/fnox-aarch64-unknown-linux-gnu.tar.gz"
url_api = "https://api.github.com/repos/jdx/fnox/releases/assets/480276465"
provenance = "github-attestations"

[tools.fnox."platforms.linux-arm64-musl"]
checksum = "sha256:779d2cb7bcefa81d57e269bfd5ffdf39ca961d526b06cfb35b7aa670b35c1c6a"
url = "https://github.com/jdx/fnox/releases/download/v1.31.0/fnox-aarch64-unknown-linux-musl.tar.gz"
url_api = "https://api.github.com/repos/jdx/fnox/releases/assets/480276463"
provenance = "github-attestations"

[tools.fnox."platforms.linux-x64"]
checksum = "sha256:5cfc8f5746e44188418174fd8338ffcbf22531626a439d166ec81b20203ea520"
url = "https://github.com/jdx/fnox/releases/download/v1.31.0/fnox-x86_64-unknown-linux-gnu.tar.gz"
url_api = "https://api.github.com/repos/jdx/fnox/releases/assets/480276475"
provenance = "github-attestations"

[tools.fnox."platforms.linux-x64-musl"]
checksum = "sha256:d226e10cb1698c2ad05a20ee96269460d9b1ba7b4cc29f0691e9b5a0a78d7aee"
url = "https://github.com/jdx/fnox/releases/download/v1.31.0/fnox-x86_64-unknown-linux-musl.tar.gz"
url_api = "https://api.github.com/repos/jdx/fnox/releases/assets/480276476"
provenance = "github-attestations"

[tools.fnox."platforms.macos-arm64"]
checksum = "sha256:a4f7b576ce0a4ba5d3075db59dc0c2f0749f6fa6d8a08f2b546588d3bf96b44c"
url = "https://github.com/jdx/fnox/releases/download/v1.31.0/fnox-aarch64-apple-darwin.tar.gz"
url_api = "https://api.github.com/repos/jdx/fnox/releases/assets/480276462"
provenance = "github-attestations"

[tools.fnox."platforms.macos-x64"]
checksum = "sha256:4351a40b6f0649ab4b6a5d1b870d60d2b2d684b66b91bb78ecac0f4b278d6cbe"
url = "https://github.com/jdx/fnox/releases/download/v1.31.0/fnox-x86_64-apple-darwin.tar.gz"
url_api = "https://api.github.com/repos/jdx/fnox/releases/assets/480276464"
provenance = "github-attestations"

[tools.fnox."platforms.windows-x64"]
checksum = "sha256:eaeb77b5411f078900600b353b3291492eb92888af03be332315c4aa4c46baf6"
url = "https://github.com/jdx/fnox/releases/download/v1.31.0/fnox-x86_64-pc-windows-msvc.zip"
url_api = "https://api.github.com/repos/jdx/fnox/releases/assets/480276474"
provenance = "github-attestations"

[[tools.fzf]]
version = "0.74.1"
backend = "aqua:junegunn/fzf"

[tools.fzf."platforms.linux-arm64"]
checksum = "sha256:f22204dd1a091d43e102268d062fd53b47133c8d8581671ee5eb225b75e31183"
url = "https://github.com/junegunn/fzf/releases/download/v0.74.1/fzf-0.74.1-linux_arm64.tar.gz"
url_api = "https://api.github.com/repos/junegunn/fzf/releases/assets/481468085"

[tools.fzf."platforms.linux-arm64-musl"]
checksum = "sha256:f22204dd1a091d43e102268d062fd53b47133c8d8581671ee5eb225b75e31183"
url = "https://github.com/junegunn/fzf/releases/download/v0.74.1/fzf-0.74.1-linux_arm64.tar.gz"
url_api = "https://api.github.com/repos/junegunn/fzf/releases/assets/481468085"

[tools.fzf."platforms.linux-x64"]
checksum = "sha256:df53438be5f51e151bb4044d78fda72bdfe209e3ecd2baecae48e8dea370c81b"
url = "https://github.com/junegunn/fzf/releases/download/v0.74.1/fzf-0.74.1-linux_amd64.tar.gz"
url_api = "https://api.github.com/repos/junegunn/fzf/releases/assets/481468039"

[tools.fzf."platforms.linux-x64-musl"]
checksum = "sha256:df53438be5f51e151bb4044d78fda72bdfe209e3ecd2baecae48e8dea370c81b"
url = "https://github.com/junegunn/fzf/releases/download/v0.74.1/fzf-0.74.1-linux_amd64.tar.gz"
url_api = "https://api.github.com/repos/junegunn/fzf/releases/assets/481468039"

[tools.fzf."platforms.macos-arm64"]
checksum = "sha256:849d1d33b050f04dd6b765665e417da151b0e4654dbed8f55c60fd8e23f3ba20"
url = "https://github.com/junegunn/fzf/releases/download/v0.74.1/fzf-0.74.1-darwin_arm64.tar.gz"
url_api = "https://api.github.com/repos/junegunn/fzf/releases/assets/481468061"

[tools.fzf."platforms.macos-x64"]
checksum = "sha256:642f29fb2800690385efb176a209b14d9f593795f0f70ee12c919ee15472e439"
url = "https://github.com/junegunn/fzf/releases/download/v0.74.1/fzf-0.74.1-darwin_amd64.tar.gz"
url_api = "https://api.github.com/repos/junegunn/fzf/releases/assets/481468093"

[tools.fzf."platforms.windows-x64"]
checksum = "sha256:d83a94a68a9203f6366754123c0e4d7a61e16be18a5d845f4838664b330c4f5f"
url = "https://github.com/junegunn/fzf/releases/download/v0.74.1/fzf-0.74.1-windows_amd64.zip"
url_api = "https://api.github.com/repos/junegunn/fzf/releases/assets/481468090"

[[tools.gh]]
version = "2.96.0"
backend = "aqua:cli/cli"

[tools.gh."platforms.linux-arm64"]
checksum = "sha256:06f86ec7103d41993b76cd78072f43595c34aaa56506d971d9860e67140bf909"
url = "https://github.com/cli/cli/releases/download/v2.96.0/gh_2.96.0_linux_arm64.tar.gz"
url_api = "https://api.github.com/repos/cli/cli/releases/assets/464728549"
provenance = "github-attestations"

[tools.gh."platforms.linux-arm64-musl"]
checksum = "sha256:06f86ec7103d41993b76cd78072f43595c34aaa56506d971d9860e67140bf909"
url = "https://github.com/cli/cli/releases/download/v2.96.0/gh_2.96.0_linux_arm64.tar.gz"
url_api = "https://api.github.com/repos/cli/cli/releases/assets/464728549"
provenance = "github-attestations"

[tools.gh."platforms.linux-x64"]
checksum = "sha256:83d5c2ccad5498f58bf6368acb1ab32588cf43ab3a4b1c301bf36328b1c8bd60"
url = "https://github.com/cli/cli/releases/download/v2.96.0/gh_2.96.0_linux_amd64.tar.gz"
url_api = "https://api.github.com/repos/cli/cli/releases/assets/464728543"
provenance = "github-attestations"

[tools.gh."platforms.linux-x64-musl"]
checksum = "sha256:83d5c2ccad5498f58bf6368acb1ab32588cf43ab3a4b1c301bf36328b1c8bd60"
url = "https://github.com/cli/cli/releases/download/v2.96.0/gh_2.96.0_linux_amd64.tar.gz"
url_api = "https://api.github.com/repos/cli/cli/releases/assets/464728543"
provenance = "github-attestations"

[tools.gh."platforms.macos-arm64"]
checksum = "sha256:f23a0c37d963aacc3bed703ccbd59b41c5ca22101fab7f00eb2b7cad23aba463"
url = "https://github.com/cli/cli/releases/download/v2.96.0/gh_2.96.0_macOS_arm64.zip"
url_api = "https://api.github.com/repos/cli/cli/releases/assets/464728562"
provenance = "github-attestations"

[tools.gh."platforms.macos-x64"]
checksum = "sha256:4bd449df9ad639391bc62b8032546f0fe9edcd8526e06682a4f88abd8c5d163c"
url = "https://github.com/cli/cli/releases/download/v2.96.0/gh_2.96.0_macOS_amd64.zip"
url_api = "https://api.github.com/repos/cli/cli/releases/assets/464728560"
provenance = "github-attestations"

[tools.gh."platforms.windows-x64"]
checksum = "sha256:c2d6acc935cd2f00e2144d7e036d5cd82e6b6bd5594e8c75aa75ef2a4ed6aac3"
url = "https://github.com/cli/cli/releases/download/v2.96.0/gh_2.96.0_windows_amd64.zip"
url_api = "https://api.github.com/repos/cli/cli/releases/assets/464728577"
provenance = "github-attestations"

[[tools.git-lfs]]
version = "3.7.1"
backend = "aqua:git-lfs/git-lfs"

[tools.git-lfs."platforms.linux-arm64"]
checksum = "sha256:73a9c90eeb4312133a63c3eaee0c38c019ea7bfa0953d174809d25b18588dd8d"
url = "https://github.com/git-lfs/git-lfs/releases/download/v3.7.1/git-lfs-linux-arm64-v3.7.1.tar.gz"
url_api = "https://api.github.com/repos/git-lfs/git-lfs/releases/assets/305262644"

[tools.git-lfs."platforms.linux-arm64-musl"]
checksum = "sha256:73a9c90eeb4312133a63c3eaee0c38c019ea7bfa0953d174809d25b18588dd8d"
url = "https://github.com/git-lfs/git-lfs/releases/download/v3.7.1/git-lfs-linux-arm64-v3.7.1.tar.gz"
url_api = "https://api.github.com/repos/git-lfs/git-lfs/releases/assets/305262644"

[tools.git-lfs."platforms.linux-x64"]
checksum = "sha256:1c0b6ee5200ca708c5cebebb18fdeb0e1c98f1af5c1a9cba205a4c0ab5a5ec08"
url = "https://github.com/git-lfs/git-lfs/releases/download/v3.7.1/git-lfs-linux-amd64-v3.7.1.tar.gz"
url_api = "https://api.github.com/repos/git-lfs/git-lfs/releases/assets/305262626"

[tools.git-lfs."platforms.linux-x64-musl"]
checksum = "sha256:1c0b6ee5200ca708c5cebebb18fdeb0e1c98f1af5c1a9cba205a4c0ab5a5ec08"
url = "https://github.com/git-lfs/git-lfs/releases/download/v3.7.1/git-lfs-linux-amd64-v3.7.1.tar.gz"
url_api = "https://api.github.com/repos/git-lfs/git-lfs/releases/assets/305262626"

[tools.git-lfs."platforms.macos-arm64"]
checksum = "sha256:76260fb34f4ee622ff0a66b857e5954aa49c7e343a92e57a1ec4a760618c94b2"
url = "https://github.com/git-lfs/git-lfs/releases/download/v3.7.1/git-lfs-darwin-arm64-v3.7.1.zip"
url_api = "https://api.github.com/repos/git-lfs/git-lfs/releases/assets/305262593"

[tools.git-lfs."platforms.macos-x64"]
checksum = "sha256:b5b1b641c0648c83661fa9eda991cd3eff945264dabc2cdf411a80dfe7ec0970"
url = "https://github.com/git-lfs/git-lfs/releases/download/v3.7.1/git-lfs-darwin-amd64-v3.7.1.zip"
url_api = "https://api.github.com/repos/git-lfs/git-lfs/releases/assets/305262587"

[tools.git-lfs."platforms.windows-x64"]
checksum = "sha256:8683cdc3d6c029b49393dcebbaa6265bd6efd9abdcf837be855b4cd42e5e80b6"
url = "https://github.com/git-lfs/git-lfs/releases/download/v3.7.1/git-lfs-windows-amd64-v3.7.1.zip"
url_api = "https://api.github.com/repos/git-lfs/git-lfs/releases/assets/305262684"

[[tools."github:MitMaro/git-interactive-rebase-tool"]]
version = "2.4.1"
backend = "github:MitMaro/git-interactive-rebase-tool"

[tools."github:MitMaro/git-interactive-rebase-tool".options]
asset_pattern = "git-interactive-rebase-tool-*-macos-*_arm"

[tools."github:MitMaro/git-interactive-rebase-tool"."platforms.macos-arm64"]
url = "https://github.com/MitMaro/git-interactive-rebase-tool/releases/download/2.4.1/git-interactive-rebase-tool-2.4.1-macos-12_arm"
url_api = "https://api.github.com/repos/MitMaro/git-interactive-rebase-tool/releases/assets/176278547"

[tools."github:MitMaro/git-interactive-rebase-tool"."platforms.windows-x64"]
url = "https://github.com/MitMaro/git-interactive-rebase-tool/releases/download/2.4.1/git-interactive-rebase-tool-2.4.1-windows-_x86_64.exe"
url_api = "https://api.github.com/repos/MitMaro/git-interactive-rebase-tool/releases/assets/176279168"

[[tools."github:lsd-rs/lsd"]]
version = "1.2.0"
backend = "github:lsd-rs/lsd"

[tools."github:lsd-rs/lsd"."platforms.linux-arm64"]
checksum = "sha256:48c069cf73a8ed0851f366afeac86e3a9b7db416133f45d033d31d123f819f26"
url = "https://github.com/lsd-rs/lsd/releases/download/v1.2.0/lsd-v1.2.0-aarch64-unknown-linux-gnu.tar.gz"
url_api = "https://api.github.com/repos/lsd-rs/lsd/releases/assets/303319672"

[tools."github:lsd-rs/lsd"."platforms.linux-arm64-musl"]
checksum = "sha256:642ecb1a763b9f790a99c83a1445c117a6813ed4edb5d498d4420423c6353eb8"
url = "https://github.com/lsd-rs/lsd/releases/download/v1.2.0/lsd-v1.2.0-aarch64-unknown-linux-musl.tar.gz"
url_api = "https://api.github.com/repos/lsd-rs/lsd/releases/assets/303319949"

[tools."github:lsd-rs/lsd"."platforms.linux-x64"]
checksum = "sha256:57d3b5859254adcfb8374ce98159cca97a14959997d2ae1176d2cff59556d829"
url = "https://github.com/lsd-rs/lsd/releases/download/v1.2.0/lsd-v1.2.0-x86_64-unknown-linux-gnu.tar.gz"
url_api = "https://api.github.com/repos/lsd-rs/lsd/releases/assets/303319829"

[tools."github:lsd-rs/lsd"."platforms.linux-x64-musl"]
checksum = "sha256:77849da1210336534258551a581401ba19ae6b8d7b66a2a1feff148ad41e3814"
url = "https://github.com/lsd-rs/lsd/releases/download/v1.2.0/lsd-v1.2.0-x86_64-unknown-linux-musl.tar.gz"
url_api = "https://api.github.com/repos/lsd-rs/lsd/releases/assets/303319745"

[tools."github:lsd-rs/lsd"."platforms.macos-arm64"]
checksum = "sha256:9e34a5d392ff913302098aad0543dafa1883c531eaf229b82f086c3fca675e3e"
url = "https://github.com/lsd-rs/lsd/releases/download/v1.2.0/lsd-v1.2.0-aarch64-apple-darwin.tar.gz"
url_api = "https://api.github.com/repos/lsd-rs/lsd/releases/assets/303319340"

[tools."github:lsd-rs/lsd"."platforms.macos-x64"]
checksum = "sha256:00d3c50551b270bbdf7da97816e5ba7f5fd10294cd310165f7f8b5523e738b9c"
url = "https://github.com/lsd-rs/lsd/releases/download/v1.2.0/lsd-v1.2.0-x86_64-apple-darwin.tar.gz"
url_api = "https://api.github.com/repos/lsd-rs/lsd/releases/assets/303319774"

[tools."github:lsd-rs/lsd"."platforms.windows-x64"]
checksum = "sha256:a65b9f457153934a7ce1f7e0fe1c4922a95bb2822222126e4fbaa6ee9c0d78e5"
url = "https://github.com/lsd-rs/lsd/releases/download/v1.2.0/lsd-v1.2.0-x86_64-pc-windows-msvc.zip"
url_api = "https://api.github.com/repos/lsd-rs/lsd/releases/assets/303320206"

[[tools."github:max-sixty/worktrunk"]]
version = "0.68.0"
backend = "github:max-sixty/worktrunk"

[tools."github:max-sixty/worktrunk"."platforms.linux-arm64"]
checksum = "sha256:c03c58053a0b68849a9238fcc50271804c63e885d1ef1b3f539b2be44be26cdb"
url = "https://github.com/max-sixty/worktrunk/releases/download/v0.68.0/worktrunk-aarch64-unknown-linux-musl.tar.xz"
url_api = "https://api.github.com/repos/max-sixty/worktrunk/releases/assets/478537397"

[tools."github:max-sixty/worktrunk"."platforms.linux-arm64-musl"]
checksum = "sha256:c03c58053a0b68849a9238fcc50271804c63e885d1ef1b3f539b2be44be26cdb"
url = "https://github.com/max-sixty/worktrunk/releases/download/v0.68.0/worktrunk-aarch64-unknown-linux-musl.tar.xz"
url_api = "https://api.github.com/repos/max-sixty/worktrunk/releases/assets/478537397"

[tools."github:max-sixty/worktrunk"."platforms.linux-x64"]
checksum = "sha256:3378ee6a63ca438ac60687c5e6204e06ce694fed41ad57ef6aa54451b10231ed"
url = "https://github.com/max-sixty/worktrunk/releases/download/v0.68.0/worktrunk-x86_64-unknown-linux-musl.tar.xz"
url_api = "https://api.github.com/repos/max-sixty/worktrunk/releases/assets/478537413"

[tools."github:max-sixty/worktrunk"."platforms.linux-x64-musl"]
checksum = "sha256:3378ee6a63ca438ac60687c5e6204e06ce694fed41ad57ef6aa54451b10231ed"
url = "https://github.com/max-sixty/worktrunk/releases/download/v0.68.0/worktrunk-x86_64-unknown-linux-musl.tar.xz"
url_api = "https://api.github.com/repos/max-sixty/worktrunk/releases/assets/478537413"

[tools."github:max-sixty/worktrunk"."platforms.macos-arm64"]
checksum = "sha256:9df1029c04ebd197eea0bb088c0232da37d66c3b4d7b23d752c98fbd766f4b2d"
url = "https://github.com/max-sixty/worktrunk/releases/download/v0.68.0/worktrunk-aarch64-apple-darwin.tar.xz"
url_api = "https://api.github.com/repos/max-sixty/worktrunk/releases/assets/478537394"

[tools."github:max-sixty/worktrunk"."platforms.macos-x64"]
checksum = "sha256:35ac1790ad62188ad4d6632d217e014fcb7938e747c2f540a69ca2f258ee784b"
url = "https://github.com/max-sixty/worktrunk/releases/download/v0.68.0/worktrunk-x86_64-apple-darwin.tar.xz"
url_api = "https://api.github.com/repos/max-sixty/worktrunk/releases/assets/478537407"

[tools."github:max-sixty/worktrunk"."platforms.windows-x64"]
checksum = "sha256:5201aae6aacae94f8e81d5d73a7b46150a0d46577a10eef784c500e7724163ca"
url = "https://github.com/max-sixty/worktrunk/releases/download/v0.68.0/worktrunk-x86_64-pc-windows-msvc.zip"
url_api = "https://api.github.com/repos/max-sixty/worktrunk/releases/assets/478537409"

[[tools."github:openai/symphony"]]
version = "0.0.1"
backend = "github:openai/symphony"

[tools."github:openai/symphony"."platforms.linux-arm64"]
checksum = "sha256:ce293ae26a90eb58c03b495f09ce2bee5f80a8546e597fa758b6294dd3e61249"
url = "https://github.com/openai/symphony/releases/download/v0.0.1/symphony-v0.0.1-linux_arm64"
url_api = "https://api.github.com/repos/openai/symphony/releases/assets/480957585"

[tools."github:openai/symphony"."platforms.linux-arm64-musl"]
checksum = "sha256:ce293ae26a90eb58c03b495f09ce2bee5f80a8546e597fa758b6294dd3e61249"
url = "https://github.com/openai/symphony/releases/download/v0.0.1/symphony-v0.0.1-linux_arm64"
url_api = "https://api.github.com/repos/openai/symphony/releases/assets/480957585"

[tools."github:openai/symphony"."platforms.linux-x64"]
checksum = "sha256:3ee54d44948f1c8a283d0bf377d8d729c01a9ce1da61e002cf593946daba688c"
url = "https://github.com/openai/symphony/releases/download/v0.0.1/symphony-v0.0.1-linux_x86_64"
url_api = "https://api.github.com/repos/openai/symphony/releases/assets/480957582"

[tools."github:openai/symphony"."platforms.linux-x64-musl"]
checksum = "sha256:3ee54d44948f1c8a283d0bf377d8d729c01a9ce1da61e002cf593946daba688c"
url = "https://github.com/openai/symphony/releases/download/v0.0.1/symphony-v0.0.1-linux_x86_64"
url_api = "https://api.github.com/repos/openai/symphony/releases/assets/480957582"

[tools."github:openai/symphony"."platforms.macos-arm64"]
checksum = "sha256:e75cb8badada6dd8ed1f65fba808773ddbd8461d357b2fd2943f96df35d92eb9"
url = "https://github.com/openai/symphony/releases/download/v0.0.1/symphony-v0.0.1-macos_arm64"
url_api = "https://api.github.com/repos/openai/symphony/releases/assets/480957575"

[tools."github:openai/symphony"."platforms.macos-x64"]
checksum = "sha256:e854b806582ae3059f97a9bae7ae91c8f63f3e9e4f44e9623ef449f565b70ac5"
url = "https://github.com/openai/symphony/releases/download/v0.0.1/symphony-v0.0.1-macos_x86_64"
url_api = "https://api.github.com/repos/openai/symphony/releases/assets/480957608"

[[tools.gitui]]
version = "0.28.1"
backend = "asdf:gitui"

[[tools.helix]]
version = "25.07.1"
backend = "aqua:helix-editor/helix"

[tools.helix."platforms.linux-arm64"]
checksum = "sha256:ce23fa8d395e633e3e54c052012f11965d91d8d5c2bfa659685f50430b4f8175"
url = "https://github.com/helix-editor/helix/releases/download/25.07.1/helix-25.07.1-aarch64-linux.tar.xz"
url_api = "https://api.github.com/repos/helix-editor/helix/releases/assets/274144408"

[tools.helix."platforms.linux-arm64-musl"]
checksum = "sha256:ce23fa8d395e633e3e54c052012f11965d91d8d5c2bfa659685f50430b4f8175"
url = "https://github.com/helix-editor/helix/releases/download/25.07.1/helix-25.07.1-aarch64-linux.tar.xz"
url_api = "https://api.github.com/repos/helix-editor/helix/releases/assets/274144408"

[tools.helix."platforms.linux-x64"]
checksum = "sha256:3f08e63ecd388fff657ad39722f88bb03dcf326f1f2da2700d99e1dc40ab2e8b"
url = "https://github.com/helix-editor/helix/releases/download/25.07.1/helix-25.07.1-x86_64-linux.tar.xz"
url_api = "https://api.github.com/repos/helix-editor/helix/releases/assets/274144380"

[tools.helix."platforms.linux-x64-musl"]
checksum = "sha256:3f08e63ecd388fff657ad39722f88bb03dcf326f1f2da2700d99e1dc40ab2e8b"
url = "https://github.com/helix-editor/helix/releases/download/25.07.1/helix-25.07.1-x86_64-linux.tar.xz"
url_api = "https://api.github.com/repos/helix-editor/helix/releases/assets/274144380"

[tools.helix."platforms.macos-arm64"]
checksum = "sha256:00b1651b4fdbbe0a2ae981c8e76b858bd26a7c33f5b3583f3b6bb9137d54f1ff"
url = "https://github.com/helix-editor/helix/releases/download/25.07.1/helix-25.07.1-aarch64-macos.tar.xz"
url_api = "https://api.github.com/repos/helix-editor/helix/releases/assets/274144403"

[tools.helix."platforms.macos-x64"]
checksum = "sha256:84dc32d617d28d32f4aa21e3aafac47bd715d1154aeb977697d4d60b887b7103"
url = "https://github.com/helix-editor/helix/releases/download/25.07.1/helix-25.07.1-x86_64-macos.tar.xz"
url_api = "https://api.github.com/repos/helix-editor/helix/releases/assets/274144378"

[tools.helix."platforms.windows-x64"]
checksum = "sha256:5c8325ced8bacd8418d62706f669e96d9c3578a9237526e34d546900cbc049b6"
url = "https://github.com/helix-editor/helix/releases/download/25.07.1/helix-25.07.1-x86_64-windows.zip"
url_api = "https://api.github.com/repos/helix-editor/helix/releases/assets/274144377"

[[tools.pitchfork]]
version = "2.17.0"
backend = "aqua:jdx/pitchfork"

[tools.pitchfork."platforms.linux-arm64"]
checksum = "sha256:267602712322e918610899da58ce1add60603fb5b37abbf526f5a0a569617752"
url = "https://github.com/jdx/pitchfork/releases/download/v2.17.0/pitchfork-aarch64-unknown-linux-gnu.tar.gz"
url_api = "https://api.github.com/repos/jdx/pitchfork/releases/assets/480283061"

[tools.pitchfork."platforms.linux-x64"]
checksum = "sha256:d6fc52d0de4d8f619a1354b7a22a9193c119e3242f5ff9fdfe82187937aa8517"
url = "https://github.com/jdx/pitchfork/releases/download/v2.17.0/pitchfork-x86_64-unknown-linux-gnu.tar.gz"
url_api = "https://api.github.com/repos/jdx/pitchfork/releases/assets/480282789"

[tools.pitchfork."platforms.macos-arm64"]
checksum = "sha256:5fccff5918391d9106dc52cac3b8fa6ab1feafd7812b185ac78a55cd2788b3b9"
url = "https://github.com/jdx/pitchfork/releases/download/v2.17.0/pitchfork-aarch64-apple-darwin.tar.gz"
url_api = "https://api.github.com/repos/jdx/pitchfork/releases/assets/480289056"

[tools.pitchfork."platforms.windows-x64"]
checksum = "sha256:e064d642e85234a62d36cd0b5ebf4f62a0b1c7141432d74ae81cf34212c7862b"
url = "https://github.com/jdx/pitchfork/releases/download/v2.17.0/pitchfork-x86_64-pc-windows-msvc.zip"
url_api = "https://api.github.com/repos/jdx/pitchfork/releases/assets/480289755"

[[tools.starship]]
version = "1.26.0"
backend = "aqua:starship/starship"

[tools.starship."platforms.linux-arm64"]
checksum = "sha256:dc30189378d2f2e287384e8a692d3f95ad1df64cf0e8c36aa9201516028aed6b"
url = "https://github.com/starship/starship/releases/download/v1.26.0/starship-aarch64-unknown-linux-musl.tar.gz"
url_api = "https://api.github.com/repos/starship/starship/releases/assets/460374586"

[tools.starship."platforms.linux-arm64-musl"]
checksum = "sha256:dc30189378d2f2e287384e8a692d3f95ad1df64cf0e8c36aa9201516028aed6b"
url = "https://github.com/starship/starship/releases/download/v1.26.0/starship-aarch64-unknown-linux-musl.tar.gz"
url_api = "https://api.github.com/repos/starship/starship/releases/assets/460374586"

[tools.starship."platforms.linux-x64"]
checksum = "sha256:b7c232b0e8249d8e55a40beb79c5c43a7d370f3f9408bd215deb0170daeaadf3"
url = "https://github.com/starship/starship/releases/download/v1.26.0/starship-x86_64-unknown-linux-musl.tar.gz"
url_api = "https://api.github.com/repos/starship/starship/releases/assets/460374630"

[tools.starship."platforms.linux-x64-musl"]
checksum = "sha256:b7c232b0e8249d8e55a40beb79c5c43a7d370f3f9408bd215deb0170daeaadf3"
url = "https://github.com/starship/starship/releases/download/v1.26.0/starship-x86_64-unknown-linux-musl.tar.gz"
url_api = "https://api.github.com/repos/starship/starship/releases/assets/460374630"

[tools.starship."platforms.macos-arm64"]
checksum = "sha256:c40b27b11f580411e068f2fa6c1be7830a387c0bc47a94d1d37f32b054c5361d"
url = "https://github.com/starship/starship/releases/download/v1.26.0/starship-aarch64-apple-darwin.tar.gz"
url_api = "https://api.github.com/repos/starship/starship/releases/assets/460374577"

[tools.starship."platforms.macos-x64"]
checksum = "sha256:5548f406a4b6f5695903bdea83f77ce47ec12c8c0e62dabd33122d8f133e4207"
url = "https://github.com/starship/starship/releases/download/v1.26.0/starship-x86_64-apple-darwin.tar.gz"
url_api = "https://api.github.com/repos/starship/starship/releases/assets/460374608"

[tools.starship."platforms.windows-x64"]
checksum = "sha256:690021e22f2bf2c57d5867dc0fababe5e55e714c26942bd909ffddb6c5df42f2"
url = "https://github.com/starship/starship/releases/download/v1.26.0/starship-x86_64-pc-windows-msvc.zip"
url_api = "https://api.github.com/repos/starship/starship/releases/assets/460374615"

[[tools.vivid]]
version = "0.11.1"
backend = "aqua:sharkdp/vivid"

[tools.vivid."platforms.linux-arm64"]
checksum = "sha256:99bf6438b3403bc9255a83363fe5ed49a0f8bd86377a561420836af14dc8e9ee"
url = "https://github.com/sharkdp/vivid/releases/download/v0.11.1/vivid-v0.11.1-aarch64-unknown-linux-gnu.tar.gz"
url_api = "https://api.github.com/repos/sharkdp/vivid/releases/assets/392656126"

[tools.vivid."platforms.linux-x64"]
checksum = "sha256:f1a80a39c75ceae43c4187f302e66c0a45d941ed1479456a0d5ddef665663181"
url = "https://github.com/sharkdp/vivid/releases/download/v0.11.1/vivid-v0.11.1-x86_64-unknown-linux-musl.tar.gz"
url_api = "https://api.github.com/repos/sharkdp/vivid/releases/assets/392656024"

[tools.vivid."platforms.linux-x64-musl"]
checksum = "sha256:f1a80a39c75ceae43c4187f302e66c0a45d941ed1479456a0d5ddef665663181"
url = "https://github.com/sharkdp/vivid/releases/download/v0.11.1/vivid-v0.11.1-x86_64-unknown-linux-musl.tar.gz"
url_api = "https://api.github.com/repos/sharkdp/vivid/releases/assets/392656024"

[tools.vivid."platforms.macos-arm64"]
checksum = "sha256:82b23caf7c2fd0adeead0df197c76d5d997c57887a6265e7e63e729daec18570"
url = "https://github.com/sharkdp/vivid/releases/download/v0.11.1/vivid-v0.11.1-aarch64-apple-darwin.tar.gz"
url_api = "https://api.github.com/repos/sharkdp/vivid/releases/assets/392655755"

[tools.vivid."platforms.macos-x64"]
checksum = "sha256:b10548ea09e54d3015fb348466d0c33356106e52e8848545dc5b40fbe57b5547"
url = "https://github.com/sharkdp/vivid/releases/download/v0.11.1/vivid-v0.11.1-x86_64-apple-darwin.tar.gz"
url_api = "https://api.github.com/repos/sharkdp/vivid/releases/assets/392655819"

[tools.vivid."platforms.windows-x64"]
checksum = "sha256:2bc2700c9cae57c43c6abbb1063e755977972b81e8eb34f266750aabd02a9cf1"
url = "https://github.com/sharkdp/vivid/releases/download/v0.11.1/vivid-v0.11.1-x86_64-pc-windows-msvc.zip"
url_api = "https://api.github.com/repos/sharkdp/vivid/releases/assets/392656693"
