# @generated - this file is auto-generated by `mise lock` https://mise.en.dev/dev-tools/mise-lock.html

[[tools."aqua:BurntSushi/ripgrep"]]
version = "15.1.0"
backend = "aqua:BurntSushi/ripgrep"

[tools."aqua:BurntSushi/ripgrep"."platforms.linux-arm64"]
checksum = "sha256:2b661c6ef508e902f388e9098d9c4c5aca72c87b55922d94abdba830b4dc885e"
url = "https://github.com/BurntSushi/ripgrep/releases/download/15.1.0/ripgrep-15.1.0-aarch64-unknown-linux-gnu.tar.gz"

[tools."aqua:BurntSushi/ripgrep"."platforms.linux-arm64-musl"]
checksum = "sha256:2b661c6ef508e902f388e9098d9c4c5aca72c87b55922d94abdba830b4dc885e"
url = "https://github.com/BurntSushi/ripgrep/releases/download/15.1.0/ripgrep-15.1.0-aarch64-unknown-linux-gnu.tar.gz"

[tools."aqua:BurntSushi/ripgrep"."platforms.linux-x64"]
checksum = "sha256:1c9297be4a084eea7ecaedf93eb03d058d6faae29bbc57ecdaf5063921491599"
url = "https://github.com/BurntSushi/ripgrep/releases/download/15.1.0/ripgrep-15.1.0-x86_64-unknown-linux-musl.tar.gz"

[tools."aqua:BurntSushi/ripgrep"."platforms.linux-x64-musl"]
checksum = "sha256:1c9297be4a084eea7ecaedf93eb03d058d6faae29bbc57ecdaf5063921491599"
url = "https://github.com/BurntSushi/ripgrep/releases/download/15.1.0/ripgrep-15.1.0-x86_64-unknown-linux-musl.tar.gz"

[tools."aqua:BurntSushi/ripgrep"."platforms.macos-arm64"]
checksum = "sha256:378e973289176ca0c6054054ee7f631a065874a352bf43f0fa60ef079b6ba715"
url = "https://github.com/BurntSushi/ripgrep/releases/download/15.1.0/ripgrep-15.1.0-aarch64-apple-darwin.tar.gz"

[tools."aqua:BurntSushi/ripgrep"."platforms.macos-x64"]
checksum = "sha256:64811cb24e77cac3057d6c40b63ac9becf9082eedd54ca411b475b755d334882"
url = "https://github.com/BurntSushi/ripgrep/releases/download/15.1.0/ripgrep-15.1.0-x86_64-apple-darwin.tar.gz"

[tools."aqua:BurntSushi/ripgrep"."platforms.windows-x64"]
checksum = "sha256:124510b94b6baa3380d051fdf4650eaa80a302c876d611e9dba0b2e18d87493a"
url = "https://github.com/BurntSushi/ripgrep/releases/download/15.1.0/ripgrep-15.1.0-x86_64-pc-windows-msvc.zip"

[[tools.cargo-binstall]]
version = "1.19.1"
backend = "aqua:cargo-bins/cargo-binstall"

[tools.cargo-binstall."platforms.linux-arm64"]
checksum = "sha256:2001eee8da26705ad9627e57a25c23eb4639647521205f3e4a7b4e09d067d199"
url = "https://github.com/cargo-bins/cargo-binstall/releases/download/v1.19.1/cargo-binstall-aarch64-unknown-linux-musl.tgz"
provenance = "github-attestations"

[tools.cargo-binstall."platforms.linux-arm64-musl"]
checksum = "sha256:2001eee8da26705ad9627e57a25c23eb4639647521205f3e4a7b4e09d067d199"
url = "https://github.com/cargo-bins/cargo-binstall/releases/download/v1.19.1/cargo-binstall-aarch64-unknown-linux-musl.tgz"
provenance = "github-attestations"

[tools.cargo-binstall."platforms.linux-x64"]
checksum = "sha256:4a50fcf01418862e2fa8e4076cb6cb80ff4061b0c0b1464e71a63ce01ee29bde"
url = "https://github.com/cargo-bins/cargo-binstall/releases/download/v1.19.1/cargo-binstall-x86_64-unknown-linux-musl.tgz"
provenance = "github-attestations"

[tools.cargo-binstall."platforms.linux-x64-musl"]
checksum = "sha256:4a50fcf01418862e2fa8e4076cb6cb80ff4061b0c0b1464e71a63ce01ee29bde"
url = "https://github.com/cargo-bins/cargo-binstall/releases/download/v1.19.1/cargo-binstall-x86_64-unknown-linux-musl.tgz"
provenance = "github-attestations"

[tools.cargo-binstall."platforms.macos-arm64"]
checksum = "sha256:bf9da6a27e432784f361cfbc70a6d04e548abc548470ae9a7587c3cffb8fb0a7"
url = "https://github.com/cargo-bins/cargo-binstall/releases/download/v1.19.1/cargo-binstall-aarch64-apple-darwin.zip"
provenance = "github-attestations"

[tools.cargo-binstall."platforms.macos-x64"]
checksum = "sha256:39257851fe4fd8cc9dd81fb318f15d589b7178b74165879eddeda8062bd9fcf2"
url = "https://github.com/cargo-bins/cargo-binstall/releases/download/v1.19.1/cargo-binstall-x86_64-apple-darwin.zip"
provenance = "github-attestations"

[tools.cargo-binstall."platforms.windows-x64"]
checksum = "sha256:dd1f425c177aa1a57c9b17883ff76257f913a5f0afb35424f0767c6984164b7f"
url = "https://github.com/cargo-bins/cargo-binstall/releases/download/v1.19.1/cargo-binstall-x86_64-pc-windows-msvc.zip"
provenance = "github-attestations"

[[tools."cargo:git-delta"]]
version = "0.19.2"
backend = "cargo:git-delta"

[[tools.chezmoi]]
version = "2.70.4"
backend = "aqua:twpayne/chezmoi"

[tools.chezmoi."platforms.linux-arm64"]
checksum = "sha256:b2dc1e0ddf8beff09ee14f212271dd9e943d1d97d5f17a3d070ce35a6ada9e14"
url = "https://github.com/twpayne/chezmoi/releases/download/v2.70.4/chezmoi_2.70.4_linux_arm64.tar.gz"

[tools.chezmoi."platforms.linux-arm64-musl"]
checksum = "sha256:b2dc1e0ddf8beff09ee14f212271dd9e943d1d97d5f17a3d070ce35a6ada9e14"
url = "https://github.com/twpayne/chezmoi/releases/download/v2.70.4/chezmoi_2.70.4_linux_arm64.tar.gz"

[tools.chezmoi."platforms.linux-x64"]
checksum = "sha256:7382f585d35647ebb492bd6345466e7f35564068b78285bb029cb2f35056ecf4"
url = "https://github.com/twpayne/chezmoi/releases/download/v2.70.4/chezmoi_2.70.4_linux_amd64.tar.gz"

[tools.chezmoi."platforms.linux-x64-musl"]
checksum = "sha256:cd34113833a1d4eb22f78a83583c3e967e22a05653304e106d45df0066cc4713"
url = "https://github.com/twpayne/chezmoi/releases/download/v2.70.4/chezmoi_2.70.4_linux-musl_amd64.tar.gz"

[tools.chezmoi."platforms.macos-arm64"]
checksum = "sha256:0093fa436e9ccccf423323315c0146f6dc77985294bd845cee1f3cf3f63eeb0f"
url = "https://github.com/twpayne/chezmoi/releases/download/v2.70.4/chezmoi_2.70.4_darwin_arm64.tar.gz"

[tools.chezmoi."platforms.macos-x64"]
checksum = "sha256:df605c409f16ff9ce002bd2690755c4c0aa6357ca4a065ed2f3cc7936a9f448e"
url = "https://github.com/twpayne/chezmoi/releases/download/v2.70.4/chezmoi_2.70.4_darwin_amd64.tar.gz"

[tools.chezmoi."platforms.windows-x64"]
checksum = "sha256:760e6f772255c062afb2b370666fc5cbef2116fe110ede18a72d4fa57a6eaea7"
url = "https://github.com/twpayne/chezmoi/releases/download/v2.70.4/chezmoi_2.70.4_windows_amd64.zip"

[[tools.fnox]]
version = "1.25.1"
backend = "github:jdx/fnox"

[tools.fnox."platforms.linux-arm64"]
checksum = "sha256:fc37354b449e93cf6a15a18c15b58b27f4304ac532559b447e88b7f4e03eea83"
url = "https://github.com/jdx/fnox/releases/download/v1.25.1/fnox-aarch64-unknown-linux-gnu.tar.gz"
url_api = "https://api.github.com/repos/jdx/fnox/releases/assets/422647955"
provenance = "github-attestations"

[tools.fnox."platforms.linux-arm64-musl"]
checksum = "sha256:1e5e902a941d3a7eea262699d0f7169da5e5d06155c2f82def0baff086f9d3a4"
url = "https://github.com/jdx/fnox/releases/download/v1.25.1/fnox-aarch64-unknown-linux-musl.tar.gz"
url_api = "https://api.github.com/repos/jdx/fnox/releases/assets/422647954"
provenance = "github-attestations"

[tools.fnox."platforms.linux-x64"]
checksum = "sha256:157a3ade234eec5b8a57dfc2ae5e3ac40f1871a5fd8affac94131d91ca60023b"
url = "https://github.com/jdx/fnox/releases/download/v1.25.1/fnox-x86_64-unknown-linux-gnu.tar.gz"
url_api = "https://api.github.com/repos/jdx/fnox/releases/assets/422647964"
provenance = "github-attestations"

[tools.fnox."platforms.linux-x64-musl"]
checksum = "sha256:9bb4f563a65ba89e5a6759e95658eafbd1e32d8bd8cb1bf72fc5ff652566eaf5"
url = "https://github.com/jdx/fnox/releases/download/v1.25.1/fnox-x86_64-unknown-linux-musl.tar.gz"
url_api = "https://api.github.com/repos/jdx/fnox/releases/assets/422647965"
provenance = "github-attestations"

[tools.fnox."platforms.macos-arm64"]
checksum = "sha256:39d1f8cc620d3784f1b4c0127a0cf404f97d35ac4233656d36891d80c77cd147"
url = "https://github.com/jdx/fnox/releases/download/v1.25.1/fnox-aarch64-apple-darwin.tar.gz"
url_api = "https://api.github.com/repos/jdx/fnox/releases/assets/422647956"
provenance = "github-attestations"

[tools.fnox."platforms.macos-x64"]
checksum = "sha256:82ff6c5a8431a0f7d2d7c0d1c9c29c9ead860ef1bfbdd18e818b3c24bcde44cb"
url = "https://github.com/jdx/fnox/releases/download/v1.25.1/fnox-x86_64-apple-darwin.tar.gz"
url_api = "https://api.github.com/repos/jdx/fnox/releases/assets/422647953"
provenance = "github-attestations"

[tools.fnox."platforms.windows-x64"]
checksum = "sha256:e2874ecb0bb39816d1e5af60a920875bba5831182a46dad629a206bfcc4cb5bb"
url = "https://github.com/jdx/fnox/releases/download/v1.25.1/fnox-x86_64-pc-windows-msvc.zip"
url_api = "https://api.github.com/repos/jdx/fnox/releases/assets/422647962"
provenance = "github-attestations"

[[tools.fzf]]
version = "0.72.0"
backend = "aqua:junegunn/fzf"

[tools.fzf."platforms.linux-arm64"]
checksum = "sha256:a0a5b50730f568c5f08b8dbba1e6e598db253e1856d371290086786b889b996b"
url = "https://github.com/junegunn/fzf/releases/download/v0.72.0/fzf-0.72.0-linux_arm64.tar.gz"

[tools.fzf."platforms.linux-arm64-musl"]
checksum = "sha256:a0a5b50730f568c5f08b8dbba1e6e598db253e1856d371290086786b889b996b"
url = "https://github.com/junegunn/fzf/releases/download/v0.72.0/fzf-0.72.0-linux_arm64.tar.gz"

[tools.fzf."platforms.linux-x64"]
checksum = "sha256:0e58e4bd0b3c5d68c56b54c460a6863d0de79633ed18d388575a960ab447b006"
url = "https://github.com/junegunn/fzf/releases/download/v0.72.0/fzf-0.72.0-linux_amd64.tar.gz"

[tools.fzf."platforms.linux-x64-musl"]
checksum = "sha256:0e58e4bd0b3c5d68c56b54c460a6863d0de79633ed18d388575a960ab447b006"
url = "https://github.com/junegunn/fzf/releases/download/v0.72.0/fzf-0.72.0-linux_amd64.tar.gz"

[tools.fzf."platforms.macos-arm64"]
checksum = "sha256:4cbf87e8e8a342614c1e3e74670ceb18c2af998c4d4d0c379cfee9b520774e90"
url = "https://github.com/junegunn/fzf/releases/download/v0.72.0/fzf-0.72.0-darwin_arm64.tar.gz"

[tools.fzf."platforms.macos-x64"]
checksum = "sha256:561c9db95cc1f75c8ad7e1d4461b2da0c8461189041f610ff1205f6303b84634"
url = "https://github.com/junegunn/fzf/releases/download/v0.72.0/fzf-0.72.0-darwin_amd64.tar.gz"

[tools.fzf."platforms.windows-x64"]
checksum = "sha256:cce66ae7e442030334927bfbfd917690713e63d215aba93027f99807828fe239"
url = "https://github.com/junegunn/fzf/releases/download/v0.72.0/fzf-0.72.0-windows_amd64.zip"

[[tools.gh]]
version = "2.92.0"
backend = "aqua:cli/cli"

[tools.gh."platforms.linux-arm64"]
checksum = "sha256:c2248526dd0160c08d3fccca2332c3c1a07c15a78b23978e77735f1b5a18cfee"
url = "https://github.com/cli/cli/releases/download/v2.92.0/gh_2.92.0_linux_arm64.tar.gz"
provenance = "github-attestations"

[tools.gh."platforms.linux-arm64-musl"]
checksum = "sha256:c2248526dd0160c08d3fccca2332c3c1a07c15a78b23978e77735f1b5a18cfee"
url = "https://github.com/cli/cli/releases/download/v2.92.0/gh_2.92.0_linux_arm64.tar.gz"
provenance = "github-attestations"

[tools.gh."platforms.linux-x64"]
checksum = "sha256:b57848131bdf0c229cd35e1f2a51aa718199858b2e728410b37e89a428943ec4"
url = "https://github.com/cli/cli/releases/download/v2.92.0/gh_2.92.0_linux_amd64.tar.gz"
provenance = "github-attestations"

[tools.gh."platforms.linux-x64-musl"]
checksum = "sha256:b57848131bdf0c229cd35e1f2a51aa718199858b2e728410b37e89a428943ec4"
url = "https://github.com/cli/cli/releases/download/v2.92.0/gh_2.92.0_linux_amd64.tar.gz"
provenance = "github-attestations"

[tools.gh."platforms.macos-arm64"]
checksum = "sha256:b11c54f6bd7d15ed6590475079e5b2fcf36f45d3991a80041b29c9d0cc1f1d07"
url = "https://github.com/cli/cli/releases/download/v2.92.0/gh_2.92.0_macOS_arm64.zip"
provenance = "github-attestations"

[tools.gh."platforms.macos-x64"]
checksum = "sha256:ae9bb327ab0d91071bdada79f8f14034a2a0f19b0e001835a782eafa519d2af0"
url = "https://github.com/cli/cli/releases/download/v2.92.0/gh_2.92.0_macOS_amd64.zip"
provenance = "github-attestations"

[tools.gh."platforms.windows-x64"]
checksum = "sha256:b6a8df3c8c6b9c80f290906387673bc4d272840f3789c5650e0e4e6e75522785"
url = "https://github.com/cli/cli/releases/download/v2.92.0/gh_2.92.0_windows_amd64.zip"
provenance = "github-attestations"

[[tools.git-lfs]]
version = "3.7.1"
backend = "aqua:git-lfs/git-lfs"

[tools.git-lfs."platforms.linux-arm64"]
checksum = "sha256:73a9c90eeb4312133a63c3eaee0c38c019ea7bfa0953d174809d25b18588dd8d"
url = "https://github.com/git-lfs/git-lfs/releases/download/v3.7.1/git-lfs-linux-arm64-v3.7.1.tar.gz"

[tools.git-lfs."platforms.linux-arm64-musl"]
checksum = "sha256:73a9c90eeb4312133a63c3eaee0c38c019ea7bfa0953d174809d25b18588dd8d"
url = "https://github.com/git-lfs/git-lfs/releases/download/v3.7.1/git-lfs-linux-arm64-v3.7.1.tar.gz"

[tools.git-lfs."platforms.linux-x64"]
checksum = "sha256:1c0b6ee5200ca708c5cebebb18fdeb0e1c98f1af5c1a9cba205a4c0ab5a5ec08"
url = "https://github.com/git-lfs/git-lfs/releases/download/v3.7.1/git-lfs-linux-amd64-v3.7.1.tar.gz"

[tools.git-lfs."platforms.linux-x64-musl"]
checksum = "sha256:1c0b6ee5200ca708c5cebebb18fdeb0e1c98f1af5c1a9cba205a4c0ab5a5ec08"
url = "https://github.com/git-lfs/git-lfs/releases/download/v3.7.1/git-lfs-linux-amd64-v3.7.1.tar.gz"

[tools.git-lfs."platforms.macos-arm64"]
checksum = "sha256:76260fb34f4ee622ff0a66b857e5954aa49c7e343a92e57a1ec4a760618c94b2"
url = "https://github.com/git-lfs/git-lfs/releases/download/v3.7.1/git-lfs-darwin-arm64-v3.7.1.zip"

[tools.git-lfs."platforms.macos-x64"]
checksum = "sha256:b5b1b641c0648c83661fa9eda991cd3eff945264dabc2cdf411a80dfe7ec0970"
url = "https://github.com/git-lfs/git-lfs/releases/download/v3.7.1/git-lfs-darwin-amd64-v3.7.1.zip"

[tools.git-lfs."platforms.windows-x64"]
checksum = "sha256:8683cdc3d6c029b49393dcebbaa6265bd6efd9abdcf837be855b4cd42e5e80b6"
url = "https://github.com/git-lfs/git-lfs/releases/download/v3.7.1/git-lfs-windows-amd64-v3.7.1.zip"

[[tools."github:MitMaro/git-interactive-rebase-tool"]]
version = "2.4.1"
backend = "github:MitMaro/git-interactive-rebase-tool"

[tools."github:MitMaro/git-interactive-rebase-tool"."platforms.linux-arm64"]
url = "https://github.com/MitMaro/git-interactive-rebase-tool/releases/download/2.4.1/git-interactive-rebase-tool-2.4.1-ubuntu-20.04_arm64.deb"
url_api = "https://api.github.com/repos/MitMaro/git-interactive-rebase-tool/releases/assets/176278671"

[tools."github:MitMaro/git-interactive-rebase-tool"."platforms.linux-arm64-musl"]
url = "https://github.com/MitMaro/git-interactive-rebase-tool/releases/download/2.4.1/git-interactive-rebase-tool-2.4.1-ubuntu-20.04_arm64.deb"
url_api = "https://api.github.com/repos/MitMaro/git-interactive-rebase-tool/releases/assets/176278671"

[tools."github:MitMaro/git-interactive-rebase-tool"."platforms.linux-x64"]
url = "https://github.com/MitMaro/git-interactive-rebase-tool/releases/download/2.4.1/git-interactive-rebase-tool-2.4.1-ubuntu-20.04_amd64.deb"
url_api = "https://api.github.com/repos/MitMaro/git-interactive-rebase-tool/releases/assets/176278646"

[tools."github:MitMaro/git-interactive-rebase-tool"."platforms.linux-x64-musl"]
url = "https://github.com/MitMaro/git-interactive-rebase-tool/releases/download/2.4.1/git-interactive-rebase-tool-2.4.1-ubuntu-20.04_amd64.deb"
url_api = "https://api.github.com/repos/MitMaro/git-interactive-rebase-tool/releases/assets/176278646"

[tools."github:MitMaro/git-interactive-rebase-tool"."platforms.macos-arm64"]
url = "https://github.com/MitMaro/git-interactive-rebase-tool/releases/download/2.4.1/git-interactive-rebase-tool-2.4.1-macos-12_arm"
url_api = "https://api.github.com/repos/MitMaro/git-interactive-rebase-tool/releases/assets/176278547"

[tools."github:MitMaro/git-interactive-rebase-tool"."platforms.macos-x64"]
url = "https://github.com/MitMaro/git-interactive-rebase-tool/releases/download/2.4.1/git-interactive-rebase-tool-2.4.1-macos-12_intel"
url_api = "https://api.github.com/repos/MitMaro/git-interactive-rebase-tool/releases/assets/176278550"

[tools."github:MitMaro/git-interactive-rebase-tool"."platforms.windows-x64"]
url = "https://github.com/MitMaro/git-interactive-rebase-tool/releases/download/2.4.1/git-interactive-rebase-tool-2.4.1-windows-_x86_64.exe"
url_api = "https://api.github.com/repos/MitMaro/git-interactive-rebase-tool/releases/assets/176279168"

[[tools."github:lsd-rs/lsd"]]
version = "1.2.0"
backend = "github:lsd-rs/lsd"

[tools."github:lsd-rs/lsd"."platforms.linux-arm64"]
checksum = "sha256:48c069cf73a8ed0851f366afeac86e3a9b7db416133f45d033d31d123f819f26"
url = "https://github.com/lsd-rs/lsd/releases/download/v1.2.0/lsd-v1.2.0-aarch64-unknown-linux-gnu.tar.gz"
url_api = "https://api.github.com/repos/lsd-rs/lsd/releases/assets/303319672"

[tools."github:lsd-rs/lsd"."platforms.linux-arm64-musl"]
checksum = "sha256:642ecb1a763b9f790a99c83a1445c117a6813ed4edb5d498d4420423c6353eb8"
url = "https://github.com/lsd-rs/lsd/releases/download/v1.2.0/lsd-v1.2.0-aarch64-unknown-linux-musl.tar.gz"
url_api = "https://api.github.com/repos/lsd-rs/lsd/releases/assets/303319949"

[tools."github:lsd-rs/lsd"."platforms.linux-x64"]
checksum = "sha256:57d3b5859254adcfb8374ce98159cca97a14959997d2ae1176d2cff59556d829"
url = "https://github.com/lsd-rs/lsd/releases/download/v1.2.0/lsd-v1.2.0-x86_64-unknown-linux-gnu.tar.gz"
url_api = "https://api.github.com/repos/lsd-rs/lsd/releases/assets/303319829"

[tools."github:lsd-rs/lsd"."platforms.linux-x64-musl"]
checksum = "sha256:77849da1210336534258551a581401ba19ae6b8d7b66a2a1feff148ad41e3814"
url = "https://github.com/lsd-rs/lsd/releases/download/v1.2.0/lsd-v1.2.0-x86_64-unknown-linux-musl.tar.gz"
url_api = "https://api.github.com/repos/lsd-rs/lsd/releases/assets/303319745"

[tools."github:lsd-rs/lsd"."platforms.macos-arm64"]
checksum = "sha256:9e34a5d392ff913302098aad0543dafa1883c531eaf229b82f086c3fca675e3e"
url = "https://github.com/lsd-rs/lsd/releases/download/v1.2.0/lsd-v1.2.0-aarch64-apple-darwin.tar.gz"
url_api = "https://api.github.com/repos/lsd-rs/lsd/releases/assets/303319340"

[tools."github:lsd-rs/lsd"."platforms.macos-x64"]
checksum = "sha256:00d3c50551b270bbdf7da97816e5ba7f5fd10294cd310165f7f8b5523e738b9c"
url = "https://github.com/lsd-rs/lsd/releases/download/v1.2.0/lsd-v1.2.0-x86_64-apple-darwin.tar.gz"
url_api = "https://api.github.com/repos/lsd-rs/lsd/releases/assets/303319774"

[tools."github:lsd-rs/lsd"."platforms.windows-x64"]
checksum = "sha256:a65b9f457153934a7ce1f7e0fe1c4922a95bb2822222126e4fbaa6ee9c0d78e5"
url = "https://github.com/lsd-rs/lsd/releases/download/v1.2.0/lsd-v1.2.0-x86_64-pc-windows-msvc.zip"
url_api = "https://api.github.com/repos/lsd-rs/lsd/releases/assets/303320206"

[[tools."github:max-sixty/worktrunk"]]
version = "0.52.0"
backend = "github:max-sixty/worktrunk"

[tools."github:max-sixty/worktrunk"."platforms.linux-arm64"]
checksum = "sha256:8f30077b74a0309d0901aef9223d932d764d8c32b6e3997e09b7d611b91b861d"
url = "https://github.com/max-sixty/worktrunk/releases/download/v0.52.0/worktrunk-aarch64-unknown-linux-musl.tar.xz"
url_api = "https://api.github.com/repos/max-sixty/worktrunk/releases/assets/424491333"

[tools."github:max-sixty/worktrunk"."platforms.linux-arm64-musl"]
checksum = "sha256:8f30077b74a0309d0901aef9223d932d764d8c32b6e3997e09b7d611b91b861d"
url = "https://github.com/max-sixty/worktrunk/releases/download/v0.52.0/worktrunk-aarch64-unknown-linux-musl.tar.xz"
url_api = "https://api.github.com/repos/max-sixty/worktrunk/releases/assets/424491333"

[tools."github:max-sixty/worktrunk"."platforms.linux-x64"]
checksum = "sha256:c965f2ca4ddd2a70899d55f76b0c8e29fbcc86a7528dfcd1b7635c39dd5d2b7b"
url = "https://github.com/max-sixty/worktrunk/releases/download/v0.52.0/worktrunk-x86_64-unknown-linux-musl.tar.xz"
url_api = "https://api.github.com/repos/max-sixty/worktrunk/releases/assets/424491347"

[tools."github:max-sixty/worktrunk"."platforms.linux-x64-musl"]
checksum = "sha256:c965f2ca4ddd2a70899d55f76b0c8e29fbcc86a7528dfcd1b7635c39dd5d2b7b"
url = "https://github.com/max-sixty/worktrunk/releases/download/v0.52.0/worktrunk-x86_64-unknown-linux-musl.tar.xz"
url_api = "https://api.github.com/repos/max-sixty/worktrunk/releases/assets/424491347"

[tools."github:max-sixty/worktrunk"."platforms.macos-arm64"]
checksum = "sha256:73189e5badb0127b2b99cfc9bc6a4979fb56117df5f4c208ebc5c22b7f7acc43"
url = "https://github.com/max-sixty/worktrunk/releases/download/v0.52.0/worktrunk-aarch64-apple-darwin.tar.xz"
url_api = "https://api.github.com/repos/max-sixty/worktrunk/releases/assets/424491326"

[tools."github:max-sixty/worktrunk"."platforms.macos-x64"]
checksum = "sha256:4c5e97a71d04834ad23252afb93151faf283048c4ab100cc5614ea940decb921"
url = "https://github.com/max-sixty/worktrunk/releases/download/v0.52.0/worktrunk-x86_64-apple-darwin.tar.xz"
url_api = "https://api.github.com/repos/max-sixty/worktrunk/releases/assets/424491343"

[tools."github:max-sixty/worktrunk"."platforms.windows-x64"]
checksum = "sha256:15640d80678fac8fcc1909e9fe8622ef4295929a09dc1c8cdc8cd53248880a98"
url = "https://github.com/max-sixty/worktrunk/releases/download/v0.52.0/worktrunk-x86_64-pc-windows-msvc.zip"
url_api = "https://api.github.com/repos/max-sixty/worktrunk/releases/assets/424491345"

[[tools.gitui]]
version = "0.28.1"
backend = "asdf:gitui"

[[tools.helix]]
version = "25.07.1"
backend = "aqua:helix-editor/helix"

[tools.helix."platforms.linux-arm64"]
checksum = "sha256:ce23fa8d395e633e3e54c052012f11965d91d8d5c2bfa659685f50430b4f8175"
url = "https://github.com/helix-editor/helix/releases/download/25.07.1/helix-25.07.1-aarch64-linux.tar.xz"

[tools.helix."platforms.linux-arm64-musl"]
checksum = "sha256:ce23fa8d395e633e3e54c052012f11965d91d8d5c2bfa659685f50430b4f8175"
url = "https://github.com/helix-editor/helix/releases/download/25.07.1/helix-25.07.1-aarch64-linux.tar.xz"

[tools.helix."platforms.linux-x64"]
checksum = "sha256:3f08e63ecd388fff657ad39722f88bb03dcf326f1f2da2700d99e1dc40ab2e8b"
url = "https://github.com/helix-editor/helix/releases/download/25.07.1/helix-25.07.1-x86_64-linux.tar.xz"

[tools.helix."platforms.linux-x64-musl"]
checksum = "sha256:3f08e63ecd388fff657ad39722f88bb03dcf326f1f2da2700d99e1dc40ab2e8b"
url = "https://github.com/helix-editor/helix/releases/download/25.07.1/helix-25.07.1-x86_64-linux.tar.xz"

[tools.helix."platforms.macos-arm64"]
checksum = "sha256:00b1651b4fdbbe0a2ae981c8e76b858bd26a7c33f5b3583f3b6bb9137d54f1ff"
url = "https://github.com/helix-editor/helix/releases/download/25.07.1/helix-25.07.1-aarch64-macos.tar.xz"

[tools.helix."platforms.macos-x64"]
checksum = "sha256:84dc32d617d28d32f4aa21e3aafac47bd715d1154aeb977697d4d60b887b7103"
url = "https://github.com/helix-editor/helix/releases/download/25.07.1/helix-25.07.1-x86_64-macos.tar.xz"

[tools.helix."platforms.windows-x64"]
checksum = "sha256:5c8325ced8bacd8418d62706f669e96d9c3578a9237526e34d546900cbc049b6"
url = "https://github.com/helix-editor/helix/releases/download/25.07.1/helix-25.07.1-x86_64-windows.zip"

[[tools.pitchfork]]
version = "2.11.0"
backend = "aqua:jdx/pitchfork"

[tools.pitchfork."platforms.linux-arm64"]
checksum = "sha256:e8fdbd759c39302a266063f9b2a7a2f7905745fc87d89775f163b1219da92ef0"
url = "https://github.com/endevco/pitchfork/releases/download/v2.11.0/pitchfork-aarch64-unknown-linux-gnu.tar.gz"

[tools.pitchfork."platforms.linux-x64"]
checksum = "sha256:6d6ed643160dd6b6a71910128a0f195bea6e7ff28a74d4ed2646dd48423152db"
url = "https://github.com/endevco/pitchfork/releases/download/v2.11.0/pitchfork-x86_64-unknown-linux-gnu.tar.gz"

[tools.pitchfork."platforms.macos-arm64"]
checksum = "sha256:ae683351b0a492f8a62c86873faa484e3a68fd32b39ce4306730b2b25a7e96b3"
url = "https://github.com/endevco/pitchfork/releases/download/v2.11.0/pitchfork-aarch64-apple-darwin.tar.gz"

[tools.pitchfork."platforms.windows-x64"]
checksum = "sha256:86dacad0e3516873a58278d48778457743541be6dc9063f4ce2c4b64ec05062c"
url = "https://github.com/endevco/pitchfork/releases/download/v2.11.0/pitchfork-x86_64-pc-windows-msvc.zip"

[[tools.starship]]
version = "1.25.1"
backend = "aqua:starship/starship"

[tools.starship."platforms.linux-arm64"]
checksum = "sha256:01517aab398959ea9ea73bdb4f032ea4dbb51dff5c8e5eb05b4a1b9b7ab872b8"
url = "https://github.com/starship/starship/releases/download/v1.25.1/starship-aarch64-unknown-linux-musl.tar.gz"

[tools.starship."platforms.linux-arm64-musl"]
checksum = "sha256:01517aab398959ea9ea73bdb4f032ea4dbb51dff5c8e5eb05b4a1b9b7ab872b8"
url = "https://github.com/starship/starship/releases/download/v1.25.1/starship-aarch64-unknown-linux-musl.tar.gz"

[tools.starship."platforms.linux-x64"]
checksum = "sha256:c6ddd3ecb9c0071a2ad38d98cee748160066b7c4f197421268058f4a5d6f8504"
url = "https://github.com/starship/starship/releases/download/v1.25.1/starship-x86_64-unknown-linux-musl.tar.gz"

[tools.starship."platforms.linux-x64-musl"]
checksum = "sha256:c6ddd3ecb9c0071a2ad38d98cee748160066b7c4f197421268058f4a5d6f8504"
url = "https://github.com/starship/starship/releases/download/v1.25.1/starship-x86_64-unknown-linux-musl.tar.gz"

[tools.starship."platforms.macos-arm64"]
checksum = "sha256:1062a2363489b9335529b83204472f02633c08fc3609f1b325be5eba36feb631"
url = "https://github.com/starship/starship/releases/download/v1.25.1/starship-aarch64-apple-darwin.tar.gz"

[tools.starship."platforms.macos-x64"]
checksum = "sha256:f86fbe7a3b9f262bcf34ca61e9e996243da511c5500dcd81a1e4daa542869276"
url = "https://github.com/starship/starship/releases/download/v1.25.1/starship-x86_64-apple-darwin.tar.gz"

[tools.starship."platforms.windows-x64"]
checksum = "sha256:a07cf3e428afab09324e510fb786041ebcc491a68b1ca6fba044c5a461f9b017"
url = "https://github.com/starship/starship/releases/download/v1.25.1/starship-x86_64-pc-windows-msvc.zip"
